// !$*UTF8*$!
{
	archiveVersion = 1;
	classes = {
	};
	objectVersion = 50;
	objects = {

/* Begin PBXBuildFile section */
		9879D01D126C6452FED0B61F /* Pods_ZZKit.framework in Frameworks */ = {isa = PBXBuildFile; fileRef = 7321BA8F6DD7F5018D3A2D24 /* Pods_ZZKit.framework */; };
		E70C3FFC22C09F8C0047A1C0 /* ZZCollectionView.m in Sources */ = {isa = PBXBuildFile; fileRef = E70C3FFB22C09F8C0047A1C0 /* ZZCollectionView.m */; };
		E70C400522C0D60C0047A1C0 /* TestZZCollectionViewVC.m in Sources */ = {isa = PBXBuildFile; fileRef = E70C400322C0D60C0047A1C0 /* TestZZCollectionViewVC.m */; };
		E70C400622C0D60C0047A1C0 /* TestZZCollectionViewVC.xib in Resources */ = {isa = PBXBuildFile; fileRef = E70C400422C0D60C0047A1C0 /* TestZZCollectionViewVC.xib */; };
		E70C400A22C0D6ED0047A1C0 /* TestCollectionViewCell.m in Sources */ = {isa = PBXBuildFile; fileRef = E70C400822C0D6ED0047A1C0 /* TestCollectionViewCell.m */; };
		E70C400B22C0D6ED0047A1C0 /* TestCollectionViewCell.xib in Resources */ = {isa = PBXBuildFile; fileRef = E70C400922C0D6ED0047A1C0 /* TestCollectionViewCell.xib */; };
		E70C400F22C0EEAC0047A1C0 /* TestHeadCollectionViewCell.m in Sources */ = {isa = PBXBuildFile; fileRef = E70C400D22C0EEAC0047A1C0 /* TestHeadCollectionViewCell.m */; };
		E70C401022C0EEAC0047A1C0 /* TestHeadCollectionViewCell.xib in Resources */ = {isa = PBXBuildFile; fileRef = E70C400E22C0EEAC0047A1C0 /* TestHeadCollectionViewCell.xib */; };
		E70C72EB22A369EA00341A2B /* ZZDispatchQueue.m in Sources */ = {isa = PBXBuildFile; fileRef = E70C72EA22A369EA00341A2B /* ZZDispatchQueue.m */; };
		E70C72EF22A36C0000341A2B /* TestZZDispatchQueueVC.m in Sources */ = {isa = PBXBuildFile; fileRef = E70C72ED22A36C0000341A2B /* TestZZDispatchQueueVC.m */; };
		E70C72F022A36C0000341A2B /* TestZZDispatchQueueVC.xib in Resources */ = {isa = PBXBuildFile; fileRef = E70C72EE22A36C0000341A2B /* TestZZDispatchQueueVC.xib */; };
		E715E12422A6767A00228722 /* TestUIimageVC.m in Sources */ = {isa = PBXBuildFile; fileRef = E715E12222A6767A00228722 /* TestUIimageVC.m */; };
		E715E12522A6767A00228722 /* TestUIimageVC.xib in Resources */ = {isa = PBXBuildFile; fileRef = E715E12322A6767A00228722 /* TestUIimageVC.xib */; };
		E72D830422B32F9E004B9CA6 /* ZZTableView.m in Sources */ = {isa = PBXBuildFile; fileRef = E72D830322B32F9E004B9CA6 /* ZZTableView.m */; };
		E72DFBB822B155BF0099A8C4 /* CALayer+ZZKit.m in Sources */ = {isa = PBXBuildFile; fileRef = E72DFBB722B155BF0099A8C4 /* CALayer+ZZKit.m */; };
		E72DFBBB22B156800099A8C4 /* UITabBarController+ZZKit.m in Sources */ = {isa = PBXBuildFile; fileRef = E72DFBBA22B156800099A8C4 /* UITabBarController+ZZKit.m */; };
		E72DFBBD22B15F200099A8C4 /* SafariServices.framework in Frameworks */ = {isa = PBXBuildFile; fileRef = E72DFBBC22B15F200099A8C4 /* SafariServices.framework */; };
		E72DFBC022B15F420099A8C4 /* ZZSafariController.m in Sources */ = {isa = PBXBuildFile; fileRef = E72DFBBF22B15F420099A8C4 /* ZZSafariController.m */; };
		E72DFBC322B1601A0099A8C4 /* ZZWebView.m in Sources */ = {isa = PBXBuildFile; fileRef = E72DFBC222B1601A0099A8C4 /* ZZWebView.m */; };
		E72DFBC622B1603E0099A8C4 /* ZZWebViewController.m in Sources */ = {isa = PBXBuildFile; fileRef = E72DFBC522B1603E0099A8C4 /* ZZWebViewController.m */; };
		E756192D22A52558000C0ABA /* UIImage+ZZKit.m in Sources */ = {isa = PBXBuildFile; fileRef = E756192C22A52558000C0ABA /* UIImage+ZZKit.m */; };
		E7675FFA22AF45DB0044B9AD /* ZZDevice.m in Sources */ = {isa = PBXBuildFile; fileRef = E7675FF922AF45DB0044B9AD /* ZZDevice.m */; };
		E7675FFD22AF9DD10044B9AD /* NSAttributedString+ZZKit.m in Sources */ = {isa = PBXBuildFile; fileRef = E7675FFC22AF9DD10044B9AD /* NSAttributedString+ZZKit.m */; };
		E767600022AF9F460044B9AD /* NSBundle+ZZKit.m in Sources */ = {isa = PBXBuildFile; fileRef = E7675FFF22AF9F460044B9AD /* NSBundle+ZZKit.m */; };
		E767600222AFB2060044B9AD /* test.bundle in Resources */ = {isa = PBXBuildFile; fileRef = E767600122AFB2060044B9AD /* test.bundle */; };
		E767600522AFBF220044B9AD /* ZZTimer.m in Sources */ = {isa = PBXBuildFile; fileRef = E767600422AFBF220044B9AD /* ZZTimer.m */; };
		E767600922AFC4DE0044B9AD /* TestTimerVC.m in Sources */ = {isa = PBXBuildFile; fileRef = E767600722AFC4DE0044B9AD /* TestTimerVC.m */; };
		E767600A22AFC4DE0044B9AD /* TestTimerVC.xib in Resources */ = {isa = PBXBuildFile; fileRef = E767600822AFC4DE0044B9AD /* TestTimerVC.xib */; };
		E767600D22AFCBE10044B9AD /* NSObject+ZZKit_Timer.m in Sources */ = {isa = PBXBuildFile; fileRef = E767600C22AFCBE10044B9AD /* NSObject+ZZKit_Timer.m */; };
		E767601022B099D20044B9AD /* UITabBar+ZZKit.m in Sources */ = {isa = PBXBuildFile; fileRef = E767600F22B099D20044B9AD /* UITabBar+ZZKit.m */; };
		E767601322B09A6E0044B9AD /* UIView+ZZKit.m in Sources */ = {isa = PBXBuildFile; fileRef = E767601222B09A6E0044B9AD /* UIView+ZZKit.m */; };
		E767601722B0AA120044B9AD /* TestUIVC.m in Sources */ = {isa = PBXBuildFile; fileRef = E767601522B0AA120044B9AD /* TestUIVC.m */; };
		E767601822B0AA120044B9AD /* TestUIVC.xib in Resources */ = {isa = PBXBuildFile; fileRef = E767601622B0AA120044B9AD /* TestUIVC.xib */; };
		E767601C22B0DC470044B9AD /* ZZTabBarController.m in Sources */ = {isa = PBXBuildFile; fileRef = E767601B22B0DC470044B9AD /* ZZTabBarController.m */; };
		E767601F22B0DC5B0044B9AD /* ZZNavigationController.m in Sources */ = {isa = PBXBuildFile; fileRef = E767601E22B0DC5B0044B9AD /* ZZNavigationController.m */; };
		E767602222B0E1A10044B9AD /* NSObject+ZZKit_Image.m in Sources */ = {isa = PBXBuildFile; fileRef = E767602122B0E1A10044B9AD /* NSObject+ZZKit_Image.m */; };
		E767602522B0E3F30044B9AD /* UIViewController+ZZKit.m in Sources */ = {isa = PBXBuildFile; fileRef = E767602422B0E3F30044B9AD /* UIViewController+ZZKit.m */; };
		E767602822B0F8600044B9AD /* UIButton+ZZKit.m in Sources */ = {isa = PBXBuildFile; fileRef = E767602722B0F8600044B9AD /* UIButton+ZZKit.m */; };
		E767602B22B0FEC60044B9AD /* UIWindow+ZZKit.m in Sources */ = {isa = PBXBuildFile; fileRef = E767602A22B0FEC60044B9AD /* UIWindow+ZZKit.m */; };
		E770C7A822BB2F5F00625C85 /* TestHeaderView.m in Sources */ = {isa = PBXBuildFile; fileRef = E770C7A722BB2F5F00625C85 /* TestHeaderView.m */; };
		E770C7AA22BB2FB400625C85 /* TestHeaderView.xib in Resources */ = {isa = PBXBuildFile; fileRef = E770C7A922BB2FB400625C85 /* TestHeaderView.xib */; };
		E77ADD3E22BB3B990015DB1B /* UITableView+ZZKit.m in Sources */ = {isa = PBXBuildFile; fileRef = E77ADD3D22BB3B990015DB1B /* UITableView+ZZKit.m */; };
		E77ADD4822BBABBA0015DB1B /* NSObject+Calc.m in Sources */ = {isa = PBXBuildFile; fileRef = E77ADD4122BBABB90015DB1B /* NSObject+Calc.m */; };
		E77ADD4922BBABBA0015DB1B /* Calculator.m in Sources */ = {isa = PBXBuildFile; fileRef = E77ADD4222BBABBA0015DB1B /* Calculator.m */; };
		E77ADD4A22BBABBA0015DB1B /* CalcMarker.m in Sources */ = {isa = PBXBuildFile; fileRef = E77ADD4622BBABBA0015DB1B /* CalcMarker.m */; };
		E77ADD4B22BBABBA0015DB1B /* FJWrapNumber.m in Sources */ = {isa = PBXBuildFile; fileRef = E77ADD4722BBABBA0015DB1B /* FJWrapNumber.m */; };
		E788654122B1E57C00B20F3E /* NSArray+ZZKit.m in Sources */ = {isa = PBXBuildFile; fileRef = E788654022B1E57C00B20F3E /* NSArray+ZZKit.m */; };
		E788654422B1E59200B20F3E /* NSMutableArray+ZZKit.m in Sources */ = {isa = PBXBuildFile; fileRef = E788654322B1E59200B20F3E /* NSMutableArray+ZZKit.m */; };
		E788654722B1E5B200B20F3E /* NSDictionary+ZZKit.m in Sources */ = {isa = PBXBuildFile; fileRef = E788654622B1E5B200B20F3E /* NSDictionary+ZZKit.m */; };
		E788654A22B2008D00B20F3E /* UIImageView+ZZKit.m in Sources */ = {isa = PBXBuildFile; fileRef = E788654922B2008D00B20F3E /* UIImageView+ZZKit.m */; };
		E788654E22B2055900B20F3E /* ZZTrace.m in Sources */ = {isa = PBXBuildFile; fileRef = E788654D22B2055900B20F3E /* ZZTrace.m */; };
		E788655122B205BF00B20F3E /* NSObject+ZZKit_Storge.m in Sources */ = {isa = PBXBuildFile; fileRef = E788655022B205BF00B20F3E /* NSObject+ZZKit_Storge.m */; };
		E788655822B218C600B20F3E /* ZZReachability.m in Sources */ = {isa = PBXBuildFile; fileRef = E788655722B218C600B20F3E /* ZZReachability.m */; };
		E788655E22B21A1600B20F3E /* ZZWidgetTimerView.m in Sources */ = {isa = PBXBuildFile; fileRef = E788655D22B21A1600B20F3E /* ZZWidgetTimerView.m */; };
		E788656122B21A6D00B20F3E /* ZZWidgetProgressView.m in Sources */ = {isa = PBXBuildFile; fileRef = E788656022B21A6D00B20F3E /* ZZWidgetProgressView.m */; };
		E788656422B21A8A00B20F3E /* ZZWidgetRippleView.m in Sources */ = {isa = PBXBuildFile; fileRef = E788656322B21A8A00B20F3E /* ZZWidgetRippleView.m */; };
		E788656822B21B0500B20F3E /* ZZWidgetTagsView.m in Sources */ = {isa = PBXBuildFile; fileRef = E788656722B21B0500B20F3E /* ZZWidgetTagsView.m */; };
		E788656B22B21B2800B20F3E /* ZZWidgetToastView.m in Sources */ = {isa = PBXBuildFile; fileRef = E788656A22B21B2800B20F3E /* ZZWidgetToastView.m */; };
		E788656E22B21B3B00B20F3E /* ZZWidgetDropSheetView.m in Sources */ = {isa = PBXBuildFile; fileRef = E788656D22B21B3B00B20F3E /* ZZWidgetDropSheetView.m */; };
		E788657122B21B9E00B20F3E /* ZZWidgetLoadingView.m in Sources */ = {isa = PBXBuildFile; fileRef = E788657022B21B9E00B20F3E /* ZZWidgetLoadingView.m */; };
		E79318DA22B4E7CD00077FDE /* TestCell.m in Sources */ = {isa = PBXBuildFile; fileRef = E79318D822B4E7CD00077FDE /* TestCell.m */; };
		E79318DB22B4E7CD00077FDE /* TestCell.xib in Resources */ = {isa = PBXBuildFile; fileRef = E79318D922B4E7CD00077FDE /* TestCell.xib */; };
		E7A45D3D22B3D16900AA1EBF /* TestZZTableViewVC.m in Sources */ = {isa = PBXBuildFile; fileRef = E7A45D3B22B3D16900AA1EBF /* TestZZTableViewVC.m */; };
		E7A45D3E22B3D16900AA1EBF /* TestZZTableViewVC.xib in Resources */ = {isa = PBXBuildFile; fileRef = E7A45D3C22B3D16900AA1EBF /* TestZZTableViewVC.xib */; };
		E7AA9515229E3759003964B8 /* TestFontVC.m in Sources */ = {isa = PBXBuildFile; fileRef = E7AA9513229E3759003964B8 /* TestFontVC.m */; };
		E7AA9516229E3759003964B8 /* TestFontVC.xib in Resources */ = {isa = PBXBuildFile; fileRef = E7AA9514229E3759003964B8 /* TestFontVC.xib */; };
		E7AA951A229E92B7003964B8 /* TestGCDVC.m in Sources */ = {isa = PBXBuildFile; fileRef = E7AA9518229E92B7003964B8 /* TestGCDVC.m */; };
		E7AA951B229E92B7003964B8 /* TestGCDVC.xib in Resources */ = {isa = PBXBuildFile; fileRef = E7AA9519229E92B7003964B8 /* TestGCDVC.xib */; };
		E7C3166322A64F07002E4130 /* UIView+ZZKit_Blocks.m in Sources */ = {isa = PBXBuildFile; fileRef = E7C3166222A64F07002E4130 /* UIView+ZZKit_Blocks.m */; };
		E7C3166722A64F80002E4130 /* TestUIResponderBlockVC.m in Sources */ = {isa = PBXBuildFile; fileRef = E7C3166522A64F80002E4130 /* TestUIResponderBlockVC.m */; };
		E7C3166822A64F80002E4130 /* TestUIResponderBlockVC.xib in Resources */ = {isa = PBXBuildFile; fileRef = E7C3166622A64F80002E4130 /* TestUIResponderBlockVC.xib */; };
		E7C3166B22A66830002E4130 /* UIControl+ZZKit_Blocks.m in Sources */ = {isa = PBXBuildFile; fileRef = E7C3166A22A66830002E4130 /* UIControl+ZZKit_Blocks.m */; };
		E7CC887B229FB26100C8E744 /* TestRunLoopVC.m in Sources */ = {isa = PBXBuildFile; fileRef = E7CC8879229FB26100C8E744 /* TestRunLoopVC.m */; };
		E7CC887C229FB26100C8E744 /* TestRunLoopVC.xib in Resources */ = {isa = PBXBuildFile; fileRef = E7CC887A229FB26100C8E744 /* TestRunLoopVC.xib */; };
		E7D4606422A02A6C00CF4F14 /* TestOperationQueueVC.m in Sources */ = {isa = PBXBuildFile; fileRef = E7D4606222A02A6C00CF4F14 /* TestOperationQueueVC.m */; };
		E7D4606522A02A6C00CF4F14 /* TestOperationQueueVC.xib in Resources */ = {isa = PBXBuildFile; fileRef = E7D4606322A02A6C00CF4F14 /* TestOperationQueueVC.xib */; };
		E7DC5C18229CCC8600ED8733 /* AppDelegate.m in Sources */ = {isa = PBXBuildFile; fileRef = E7DC5C17229CCC8600ED8733 /* AppDelegate.m */; };
		E7DC5C1B229CCC8600ED8733 /* ViewController.m in Sources */ = {isa = PBXBuildFile; fileRef = E7DC5C1A229CCC8600ED8733 /* ViewController.m */; };
		E7DC5C1E229CCC8600ED8733 /* Main.storyboard in Resources */ = {isa = PBXBuildFile; fileRef = E7DC5C1C229CCC8600ED8733 /* Main.storyboard */; };
		E7DC5C20229CCC8700ED8733 /* Assets.xcassets in Resources */ = {isa = PBXBuildFile; fileRef = E7DC5C1F229CCC8700ED8733 /* Assets.xcassets */; };
		E7DC5C23229CCC8700ED8733 /* LaunchScreen.storyboard in Resources */ = {isa = PBXBuildFile; fileRef = E7DC5C21229CCC8700ED8733 /* LaunchScreen.storyboard */; };
		E7DC5C26229CCC8700ED8733 /* main.m in Sources */ = {isa = PBXBuildFile; fileRef = E7DC5C25229CCC8700ED8733 /* main.m */; };
		E7DC5C2D229CD69700ED8733 /* ZZKit.podspec in Resources */ = {isa = PBXBuildFile; fileRef = E7DC5C2C229CD69700ED8733 /* ZZKit.podspec */; };
		E7DC5C31229CD6BC00ED8733 /* ZZKit.m in Sources */ = {isa = PBXBuildFile; fileRef = E7DC5C30229CD6BC00ED8733 /* ZZKit.m */; };
		E7DC5C3A229CDD9D00ED8733 /* ZZLRUCache.m in Sources */ = {isa = PBXBuildFile; fileRef = E7DC5C36229CDD9D00ED8733 /* ZZLRUCache.m */; };
		E7DC5C3B229CDD9D00ED8733 /* ZZLinkedMap.m in Sources */ = {isa = PBXBuildFile; fileRef = E7DC5C39229CDD9D00ED8733 /* ZZLinkedMap.m */; };
		E7DC5C40229CDE7600ED8733 /* TestZZLinkedMapVC.m in Sources */ = {isa = PBXBuildFile; fileRef = E7DC5C3D229CDE7600ED8733 /* TestZZLinkedMapVC.m */; };
		E7DC5C41229CDE7600ED8733 /* TestZZLinkedMapVC.xib in Resources */ = {isa = PBXBuildFile; fileRef = E7DC5C3F229CDE7600ED8733 /* TestZZLinkedMapVC.xib */; };
		E7DC5C48229CE35800ED8733 /* ZZKit+AppStore.m in Sources */ = {isa = PBXBuildFile; fileRef = E7DC5C47229CE35800ED8733 /* ZZKit+AppStore.m */; };
		E7DC5C4E229D127300ED8733 /* UIColor+ZZKit.m in Sources */ = {isa = PBXBuildFile; fileRef = E7DC5C4D229D127300ED8733 /* UIColor+ZZKit.m */; };
		E7DC5C51229D151D00ED8733 /* NSString+ZZKit.m in Sources */ = {isa = PBXBuildFile; fileRef = E7DC5C50229D151D00ED8733 /* NSString+ZZKit.m */; };
		E7DC5C54229D197600ED8733 /* NSData+ZZKit.m in Sources */ = {isa = PBXBuildFile; fileRef = E7DC5C53229D197600ED8733 /* NSData+ZZKit.m */; };
		E7DC5C57229D1A9400ED8733 /* NSDate+ZZKit.m in Sources */ = {isa = PBXBuildFile; fileRef = E7DC5C56229D1A9400ED8733 /* NSDate+ZZKit.m */; };
		E7DC5C5A229D3F9000ED8733 /* UIFont+ZZKit.m in Sources */ = {isa = PBXBuildFile; fileRef = E7DC5C59229D3F9000ED8733 /* UIFont+ZZKit.m */; };
		E7E0179022AE009500C24EF2 /* UIControl+ZZKit_Keyboard.m in Sources */ = {isa = PBXBuildFile; fileRef = E7E0178F22AE009500C24EF2 /* UIControl+ZZKit_Keyboard.m */; };
		E7E0179722AE033400C24EF2 /* NSObject+ZZKit_Notification.m in Sources */ = {isa = PBXBuildFile; fileRef = E7E0179622AE033400C24EF2 /* NSObject+ZZKit_Notification.m */; };
		E7E0179B22AE24AE00C24EF2 /* TestNotificationVC.m in Sources */ = {isa = PBXBuildFile; fileRef = E7E0179922AE24AE00C24EF2 /* TestNotificationVC.m */; };
		E7E0179C22AE24AE00C24EF2 /* TestNotificationVC.xib in Resources */ = {isa = PBXBuildFile; fileRef = E7E0179A22AE24AE00C24EF2 /* TestNotificationVC.xib */; };
		E7E017A022AE277D00C24EF2 /* ZZLock.m in Sources */ = {isa = PBXBuildFile; fileRef = E7E0179F22AE277D00C24EF2 /* ZZLock.m */; };
		E7E017A322AE6F2F00C24EF2 /* TestKeyboardAccessoryView.m in Sources */ = {isa = PBXBuildFile; fileRef = E7E017A222AE6F2F00C24EF2 /* TestKeyboardAccessoryView.m */; };
		E7E017A522AE6F3C00C24EF2 /* TestKeyboardAccessoryView.xib in Resources */ = {isa = PBXBuildFile; fileRef = E7E017A422AE6F3C00C24EF2 /* TestKeyboardAccessoryView.xib */; };
		E7E017A822AE751500C24EF2 /* ZZEnumCompare.m in Sources */ = {isa = PBXBuildFile; fileRef = E7E017A722AE751500C24EF2 /* ZZEnumCompare.m */; };
		E7F85F2022C1B7430018A217 /* TestWidgetVC.m in Sources */ = {isa = PBXBuildFile; fileRef = E7F85F1E22C1B7430018A217 /* TestWidgetVC.m */; };
		E7F85F2122C1B7430018A217 /* TestWidgetVC.xib in Resources */ = {isa = PBXBuildFile; fileRef = E7F85F1F22C1B7430018A217 /* TestWidgetVC.xib */; };
/* End PBXBuildFile section */

/* Begin PBXFileReference section */
		7321BA8F6DD7F5018D3A2D24 /* Pods_ZZKit.framework */ = {isa = PBXFileReference; explicitFileType = wrapper.framework; includeInIndex = 0; path = Pods_ZZKit.framework; sourceTree = BUILT_PRODUCTS_DIR; };
		742A95A0B7D510DB7CB7D1EA /* Pods-ZZKit.debug.xcconfig */ = {isa = PBXFileReference; includeInIndex = 1; lastKnownFileType = text.xcconfig; name = "Pods-ZZKit.debug.xcconfig"; path = "Pods/Target Support Files/Pods-ZZKit/Pods-ZZKit.debug.xcconfig"; sourceTree = "<group>"; };
		DB4C59C6F857D28A542958CF /* Pods-ZZKit.release.xcconfig */ = {isa = PBXFileReference; includeInIndex = 1; lastKnownFileType = text.xcconfig; name = "Pods-ZZKit.release.xcconfig"; path = "Pods/Target Support Files/Pods-ZZKit/Pods-ZZKit.release.xcconfig"; sourceTree = "<group>"; };
		E70C3FFA22C09F8C0047A1C0 /* ZZCollectionView.h */ = {isa = PBXFileReference; lastKnownFileType = sourcecode.c.h; path = ZZCollectionView.h; sourceTree = "<group>"; };
		E70C3FFB22C09F8C0047A1C0 /* ZZCollectionView.m */ = {isa = PBXFileReference; lastKnownFileType = sourcecode.c.objc; path = ZZCollectionView.m; sourceTree = "<group>"; };
		E70C400222C0D60C0047A1C0 /* TestZZCollectionViewVC.h */ = {isa = PBXFileReference; lastKnownFileType = sourcecode.c.h; path = TestZZCollectionViewVC.h; sourceTree = "<group>"; };
		E70C400322C0D60C0047A1C0 /* TestZZCollectionViewVC.m */ = {isa = PBXFileReference; lastKnownFileType = sourcecode.c.objc; path = TestZZCollectionViewVC.m; sourceTree = "<group>"; };
		E70C400422C0D60C0047A1C0 /* TestZZCollectionViewVC.xib */ = {isa = PBXFileReference; lastKnownFileType = file.xib; path = TestZZCollectionViewVC.xib; sourceTree = "<group>"; };
		E70C400722C0D6ED0047A1C0 /* TestCollectionViewCell.h */ = {isa = PBXFileReference; lastKnownFileType = sourcecode.c.h; path = TestCollectionViewCell.h; sourceTree = "<group>"; };
		E70C400822C0D6ED0047A1C0 /* TestCollectionViewCell.m */ = {isa = PBXFileReference; lastKnownFileType = sourcecode.c.objc; path = TestCollectionViewCell.m; sourceTree = "<group>"; };
		E70C400922C0D6ED0047A1C0 /* TestCollectionViewCell.xib */ = {isa = PBXFileReference; lastKnownFileType = file.xib; path = TestCollectionViewCell.xib; sourceTree = "<group>"; };
		E70C400C22C0EEAC0047A1C0 /* TestHeadCollectionViewCell.h */ = {isa = PBXFileReference; lastKnownFileType = sourcecode.c.h; path = TestHeadCollectionViewCell.h; sourceTree = "<group>"; };
		E70C400D22C0EEAC0047A1C0 /* TestHeadCollectionViewCell.m */ = {isa = PBXFileReference; lastKnownFileType = sourcecode.c.objc; path = TestHeadCollectionViewCell.m; sourceTree = "<group>"; };
		E70C400E22C0EEAC0047A1C0 /* TestHeadCollectionViewCell.xib */ = {isa = PBXFileReference; lastKnownFileType = file.xib; path = TestHeadCollectionViewCell.xib; sourceTree = "<group>"; };
		E70C72E922A369EA00341A2B /* ZZDispatchQueue.h */ = {isa = PBXFileReference; lastKnownFileType = sourcecode.c.h; path = ZZDispatchQueue.h; sourceTree = "<group>"; };
		E70C72EA22A369EA00341A2B /* ZZDispatchQueue.m */ = {isa = PBXFileReference; lastKnownFileType = sourcecode.c.objc; path = ZZDispatchQueue.m; sourceTree = "<group>"; };
		E70C72EC22A36C0000341A2B /* TestZZDispatchQueueVC.h */ = {isa = PBXFileReference; lastKnownFileType = sourcecode.c.h; path = TestZZDispatchQueueVC.h; sourceTree = "<group>"; };
		E70C72ED22A36C0000341A2B /* TestZZDispatchQueueVC.m */ = {isa = PBXFileReference; lastKnownFileType = sourcecode.c.objc; path = TestZZDispatchQueueVC.m; sourceTree = "<group>"; };
		E70C72EE22A36C0000341A2B /* TestZZDispatchQueueVC.xib */ = {isa = PBXFileReference; lastKnownFileType = file.xib; path = TestZZDispatchQueueVC.xib; sourceTree = "<group>"; };
		E715E12122A6767A00228722 /* TestUIimageVC.h */ = {isa = PBXFileReference; lastKnownFileType = sourcecode.c.h; path = TestUIimageVC.h; sourceTree = "<group>"; };
		E715E12222A6767A00228722 /* TestUIimageVC.m */ = {isa = PBXFileReference; lastKnownFileType = sourcecode.c.objc; path = TestUIimageVC.m; sourceTree = "<group>"; };
		E715E12322A6767A00228722 /* TestUIimageVC.xib */ = {isa = PBXFileReference; lastKnownFileType = file.xib; path = TestUIimageVC.xib; sourceTree = "<group>"; };
		E72D830222B32F9E004B9CA6 /* ZZTableView.h */ = {isa = PBXFileReference; lastKnownFileType = sourcecode.c.h; path = ZZTableView.h; sourceTree = "<group>"; };
		E72D830322B32F9E004B9CA6 /* ZZTableView.m */ = {isa = PBXFileReference; lastKnownFileType = sourcecode.c.objc; path = ZZTableView.m; sourceTree = "<group>"; };
		E72DFBB622B155BF0099A8C4 /* CALayer+ZZKit.h */ = {isa = PBXFileReference; lastKnownFileType = sourcecode.c.h; path = "CALayer+ZZKit.h"; sourceTree = "<group>"; };
		E72DFBB722B155BF0099A8C4 /* CALayer+ZZKit.m */ = {isa = PBXFileReference; lastKnownFileType = sourcecode.c.objc; path = "CALayer+ZZKit.m"; sourceTree = "<group>"; };
		E72DFBB922B156800099A8C4 /* UITabBarController+ZZKit.h */ = {isa = PBXFileReference; lastKnownFileType = sourcecode.c.h; path = "UITabBarController+ZZKit.h"; sourceTree = "<group>"; };
		E72DFBBA22B156800099A8C4 /* UITabBarController+ZZKit.m */ = {isa = PBXFileReference; lastKnownFileType = sourcecode.c.objc; path = "UITabBarController+ZZKit.m"; sourceTree = "<group>"; };
		E72DFBBC22B15F200099A8C4 /* SafariServices.framework */ = {isa = PBXFileReference; lastKnownFileType = wrapper.framework; name = SafariServices.framework; path = System/Library/Frameworks/SafariServices.framework; sourceTree = SDKROOT; };
		E72DFBBE22B15F420099A8C4 /* ZZSafariController.h */ = {isa = PBXFileReference; lastKnownFileType = sourcecode.c.h; path = ZZSafariController.h; sourceTree = "<group>"; };
		E72DFBBF22B15F420099A8C4 /* ZZSafariController.m */ = {isa = PBXFileReference; lastKnownFileType = sourcecode.c.objc; path = ZZSafariController.m; sourceTree = "<group>"; };
		E72DFBC122B1601A0099A8C4 /* ZZWebView.h */ = {isa = PBXFileReference; lastKnownFileType = sourcecode.c.h; path = ZZWebView.h; sourceTree = "<group>"; };
		E72DFBC222B1601A0099A8C4 /* ZZWebView.m */ = {isa = PBXFileReference; lastKnownFileType = sourcecode.c.objc; path = ZZWebView.m; sourceTree = "<group>"; };
		E72DFBC422B1603E0099A8C4 /* ZZWebViewController.h */ = {isa = PBXFileReference; lastKnownFileType = sourcecode.c.h; path = ZZWebViewController.h; sourceTree = "<group>"; };
		E72DFBC522B1603E0099A8C4 /* ZZWebViewController.m */ = {isa = PBXFileReference; lastKnownFileType = sourcecode.c.objc; path = ZZWebViewController.m; sourceTree = "<group>"; };
		E756192B22A52558000C0ABA /* UIImage+ZZKit.h */ = {isa = PBXFileReference; lastKnownFileType = sourcecode.c.h; path = "UIImage+ZZKit.h"; sourceTree = "<group>"; };
		E756192C22A52558000C0ABA /* UIImage+ZZKit.m */ = {isa = PBXFileReference; lastKnownFileType = sourcecode.c.objc; path = "UIImage+ZZKit.m"; sourceTree = "<group>"; };
		E7675FF722AF45070044B9AD /* ZZMacro.h */ = {isa = PBXFileReference; lastKnownFileType = sourcecode.c.h; path = ZZMacro.h; sourceTree = "<group>"; };
		E7675FF822AF45DB0044B9AD /* ZZDevice.h */ = {isa = PBXFileReference; lastKnownFileType = sourcecode.c.h; path = ZZDevice.h; sourceTree = "<group>"; };
		E7675FF922AF45DB0044B9AD /* ZZDevice.m */ = {isa = PBXFileReference; lastKnownFileType = sourcecode.c.objc; path = ZZDevice.m; sourceTree = "<group>"; };
		E7675FFB22AF9DD10044B9AD /* NSAttributedString+ZZKit.h */ = {isa = PBXFileReference; lastKnownFileType = sourcecode.c.h; path = "NSAttributedString+ZZKit.h"; sourceTree = "<group>"; };
		E7675FFC22AF9DD10044B9AD /* NSAttributedString+ZZKit.m */ = {isa = PBXFileReference; lastKnownFileType = sourcecode.c.objc; path = "NSAttributedString+ZZKit.m"; sourceTree = "<group>"; };
		E7675FFE22AF9F460044B9AD /* NSBundle+ZZKit.h */ = {isa = PBXFileReference; lastKnownFileType = sourcecode.c.h; path = "NSBundle+ZZKit.h"; sourceTree = "<group>"; };
		E7675FFF22AF9F460044B9AD /* NSBundle+ZZKit.m */ = {isa = PBXFileReference; lastKnownFileType = sourcecode.c.objc; path = "NSBundle+ZZKit.m"; sourceTree = "<group>"; };
		E767600122AFB2060044B9AD /* test.bundle */ = {isa = PBXFileReference; lastKnownFileType = "wrapper.plug-in"; path = test.bundle; sourceTree = "<group>"; };
		E767600322AFBF220044B9AD /* ZZTimer.h */ = {isa = PBXFileReference; lastKnownFileType = sourcecode.c.h; path = ZZTimer.h; sourceTree = "<group>"; };
		E767600422AFBF220044B9AD /* ZZTimer.m */ = {isa = PBXFileReference; lastKnownFileType = sourcecode.c.objc; path = ZZTimer.m; sourceTree = "<group>"; };
		E767600622AFC4DE0044B9AD /* TestTimerVC.h */ = {isa = PBXFileReference; lastKnownFileType = sourcecode.c.h; path = TestTimerVC.h; sourceTree = "<group>"; };
		E767600722AFC4DE0044B9AD /* TestTimerVC.m */ = {isa = PBXFileReference; lastKnownFileType = sourcecode.c.objc; path = TestTimerVC.m; sourceTree = "<group>"; };
		E767600822AFC4DE0044B9AD /* TestTimerVC.xib */ = {isa = PBXFileReference; lastKnownFileType = file.xib; path = TestTimerVC.xib; sourceTree = "<group>"; };
		E767600B22AFCBE10044B9AD /* NSObject+ZZKit_Timer.h */ = {isa = PBXFileReference; lastKnownFileType = sourcecode.c.h; path = "NSObject+ZZKit_Timer.h"; sourceTree = "<group>"; };
		E767600C22AFCBE10044B9AD /* NSObject+ZZKit_Timer.m */ = {isa = PBXFileReference; lastKnownFileType = sourcecode.c.objc; path = "NSObject+ZZKit_Timer.m"; sourceTree = "<group>"; };
		E767600E22B099D20044B9AD /* UITabBar+ZZKit.h */ = {isa = PBXFileReference; lastKnownFileType = sourcecode.c.h; path = "UITabBar+ZZKit.h"; sourceTree = "<group>"; };
		E767600F22B099D20044B9AD /* UITabBar+ZZKit.m */ = {isa = PBXFileReference; lastKnownFileType = sourcecode.c.objc; path = "UITabBar+ZZKit.m"; sourceTree = "<group>"; };
		E767601122B09A6E0044B9AD /* UIView+ZZKit.h */ = {isa = PBXFileReference; lastKnownFileType = sourcecode.c.h; path = "UIView+ZZKit.h"; sourceTree = "<group>"; };
		E767601222B09A6E0044B9AD /* UIView+ZZKit.m */ = {isa = PBXFileReference; lastKnownFileType = sourcecode.c.objc; path = "UIView+ZZKit.m"; sourceTree = "<group>"; };
		E767601422B0AA120044B9AD /* TestUIVC.h */ = {isa = PBXFileReference; lastKnownFileType = sourcecode.c.h; path = TestUIVC.h; sourceTree = "<group>"; };
		E767601522B0AA120044B9AD /* TestUIVC.m */ = {isa = PBXFileReference; lastKnownFileType = sourcecode.c.objc; path = TestUIVC.m; sourceTree = "<group>"; };
		E767601622B0AA120044B9AD /* TestUIVC.xib */ = {isa = PBXFileReference; lastKnownFileType = file.xib; path = TestUIVC.xib; sourceTree = "<group>"; };
		E767601A22B0DC470044B9AD /* ZZTabBarController.h */ = {isa = PBXFileReference; lastKnownFileType = sourcecode.c.h; path = ZZTabBarController.h; sourceTree = "<group>"; };
		E767601B22B0DC470044B9AD /* ZZTabBarController.m */ = {isa = PBXFileReference; lastKnownFileType = sourcecode.c.objc; path = ZZTabBarController.m; sourceTree = "<group>"; };
		E767601D22B0DC5B0044B9AD /* ZZNavigationController.h */ = {isa = PBXFileReference; lastKnownFileType = sourcecode.c.h; path = ZZNavigationController.h; sourceTree = "<group>"; };
		E767601E22B0DC5B0044B9AD /* ZZNavigationController.m */ = {isa = PBXFileReference; lastKnownFileType = sourcecode.c.objc; path = ZZNavigationController.m; sourceTree = "<group>"; };
		E767602022B0E1A10044B9AD /* NSObject+ZZKit_Image.h */ = {isa = PBXFileReference; lastKnownFileType = sourcecode.c.h; path = "NSObject+ZZKit_Image.h"; sourceTree = "<group>"; };
		E767602122B0E1A10044B9AD /* NSObject+ZZKit_Image.m */ = {isa = PBXFileReference; lastKnownFileType = sourcecode.c.objc; path = "NSObject+ZZKit_Image.m"; sourceTree = "<group>"; };
		E767602322B0E3F30044B9AD /* UIViewController+ZZKit.h */ = {isa = PBXFileReference; lastKnownFileType = sourcecode.c.h; path = "UIViewController+ZZKit.h"; sourceTree = "<group>"; };
		E767602422B0E3F30044B9AD /* UIViewController+ZZKit.m */ = {isa = PBXFileReference; lastKnownFileType = sourcecode.c.objc; path = "UIViewController+ZZKit.m"; sourceTree = "<group>"; };
		E767602622B0F8600044B9AD /* UIButton+ZZKit.h */ = {isa = PBXFileReference; lastKnownFileType = sourcecode.c.h; path = "UIButton+ZZKit.h"; sourceTree = "<group>"; };
		E767602722B0F8600044B9AD /* UIButton+ZZKit.m */ = {isa = PBXFileReference; lastKnownFileType = sourcecode.c.objc; path = "UIButton+ZZKit.m"; sourceTree = "<group>"; };
		E767602922B0FEC60044B9AD /* UIWindow+ZZKit.h */ = {isa = PBXFileReference; lastKnownFileType = sourcecode.c.h; path = "UIWindow+ZZKit.h"; sourceTree = "<group>"; };
		E767602A22B0FEC60044B9AD /* UIWindow+ZZKit.m */ = {isa = PBXFileReference; lastKnownFileType = sourcecode.c.objc; path = "UIWindow+ZZKit.m"; sourceTree = "<group>"; };
		E770C7A622BB2F5F00625C85 /* TestHeaderView.h */ = {isa = PBXFileReference; lastKnownFileType = sourcecode.c.h; path = TestHeaderView.h; sourceTree = "<group>"; };
		E770C7A722BB2F5F00625C85 /* TestHeaderView.m */ = {isa = PBXFileReference; lastKnownFileType = sourcecode.c.objc; path = TestHeaderView.m; sourceTree = "<group>"; };
		E770C7A922BB2FB400625C85 /* TestHeaderView.xib */ = {isa = PBXFileReference; lastKnownFileType = file.xib; path = TestHeaderView.xib; sourceTree = "<group>"; };
		E77ADD3C22BB3B990015DB1B /* UITableView+ZZKit.h */ = {isa = PBXFileReference; lastKnownFileType = sourcecode.c.h; path = "UITableView+ZZKit.h"; sourceTree = "<group>"; };
		E77ADD3D22BB3B990015DB1B /* UITableView+ZZKit.m */ = {isa = PBXFileReference; lastKnownFileType = sourcecode.c.objc; path = "UITableView+ZZKit.m"; sourceTree = "<group>"; };
		E77ADD4022BBABB90015DB1B /* CalcMarker.h */ = {isa = PBXFileReference; fileEncoding = 4; lastKnownFileType = sourcecode.c.h; path = CalcMarker.h; sourceTree = "<group>"; };
		E77ADD4122BBABB90015DB1B /* NSObject+Calc.m */ = {isa = PBXFileReference; fileEncoding = 4; lastKnownFileType = sourcecode.c.objc; path = "NSObject+Calc.m"; sourceTree = "<group>"; };
		E77ADD4222BBABBA0015DB1B /* Calculator.m */ = {isa = PBXFileReference; fileEncoding = 4; lastKnownFileType = sourcecode.c.objc; path = Calculator.m; sourceTree = "<group>"; };
		E77ADD4322BBABBA0015DB1B /* NSObject+Calc.h */ = {isa = PBXFileReference; fileEncoding = 4; lastKnownFileType = sourcecode.c.h; path = "NSObject+Calc.h"; sourceTree = "<group>"; };
		E77ADD4422BBABBA0015DB1B /* FJWrapNumber.h */ = {isa = PBXFileReference; fileEncoding = 4; lastKnownFileType = sourcecode.c.h; path = FJWrapNumber.h; sourceTree = "<group>"; };
		E77ADD4522BBABBA0015DB1B /* Calculator.h */ = {isa = PBXFileReference; fileEncoding = 4; lastKnownFileType = sourcecode.c.h; path = Calculator.h; sourceTree = "<group>"; };
		E77ADD4622BBABBA0015DB1B /* CalcMarker.m */ = {isa = PBXFileReference; fileEncoding = 4; lastKnownFileType = sourcecode.c.objc; path = CalcMarker.m; sourceTree = "<group>"; };
		E77ADD4722BBABBA0015DB1B /* FJWrapNumber.m */ = {isa = PBXFileReference; fileEncoding = 4; lastKnownFileType = sourcecode.c.objc; path = FJWrapNumber.m; sourceTree = "<group>"; };
		E788653F22B1E57C00B20F3E /* NSArray+ZZKit.h */ = {isa = PBXFileReference; lastKnownFileType = sourcecode.c.h; path = "NSArray+ZZKit.h"; sourceTree = "<group>"; };
		E788654022B1E57C00B20F3E /* NSArray+ZZKit.m */ = {isa = PBXFileReference; lastKnownFileType = sourcecode.c.objc; path = "NSArray+ZZKit.m"; sourceTree = "<group>"; };
		E788654222B1E59200B20F3E /* NSMutableArray+ZZKit.h */ = {isa = PBXFileReference; lastKnownFileType = sourcecode.c.h; path = "NSMutableArray+ZZKit.h"; sourceTree = "<group>"; };
		E788654322B1E59200B20F3E /* NSMutableArray+ZZKit.m */ = {isa = PBXFileReference; lastKnownFileType = sourcecode.c.objc; path = "NSMutableArray+ZZKit.m"; sourceTree = "<group>"; };
		E788654522B1E5B200B20F3E /* NSDictionary+ZZKit.h */ = {isa = PBXFileReference; lastKnownFileType = sourcecode.c.h; path = "NSDictionary+ZZKit.h"; sourceTree = "<group>"; };
		E788654622B1E5B200B20F3E /* NSDictionary+ZZKit.m */ = {isa = PBXFileReference; lastKnownFileType = sourcecode.c.objc; path = "NSDictionary+ZZKit.m"; sourceTree = "<group>"; };
		E788654822B2008D00B20F3E /* UIImageView+ZZKit.h */ = {isa = PBXFileReference; lastKnownFileType = sourcecode.c.h; path = "UIImageView+ZZKit.h"; sourceTree = "<group>"; };
		E788654922B2008D00B20F3E /* UIImageView+ZZKit.m */ = {isa = PBXFileReference; lastKnownFileType = sourcecode.c.objc; path = "UIImageView+ZZKit.m"; sourceTree = "<group>"; };
		E788654C22B2055900B20F3E /* ZZTrace.h */ = {isa = PBXFileReference; lastKnownFileType = sourcecode.c.h; path = ZZTrace.h; sourceTree = "<group>"; };
		E788654D22B2055900B20F3E /* ZZTrace.m */ = {isa = PBXFileReference; lastKnownFileType = sourcecode.c.objc; path = ZZTrace.m; sourceTree = "<group>"; };
		E788654F22B205BF00B20F3E /* NSObject+ZZKit_Storge.h */ = {isa = PBXFileReference; lastKnownFileType = sourcecode.c.h; path = "NSObject+ZZKit_Storge.h"; sourceTree = "<group>"; };
		E788655022B205BF00B20F3E /* NSObject+ZZKit_Storge.m */ = {isa = PBXFileReference; lastKnownFileType = sourcecode.c.objc; path = "NSObject+ZZKit_Storge.m"; sourceTree = "<group>"; };
		E788655622B218C600B20F3E /* ZZReachability.h */ = {isa = PBXFileReference; lastKnownFileType = sourcecode.c.h; path = ZZReachability.h; sourceTree = "<group>"; };
		E788655722B218C600B20F3E /* ZZReachability.m */ = {isa = PBXFileReference; lastKnownFileType = sourcecode.c.objc; path = ZZReachability.m; sourceTree = "<group>"; };
		E788655C22B21A1600B20F3E /* ZZWidgetTimerView.h */ = {isa = PBXFileReference; lastKnownFileType = sourcecode.c.h; path = ZZWidgetTimerView.h; sourceTree = "<group>"; };
		E788655D22B21A1600B20F3E /* ZZWidgetTimerView.m */ = {isa = PBXFileReference; lastKnownFileType = sourcecode.c.objc; path = ZZWidgetTimerView.m; sourceTree = "<group>"; };
		E788655F22B21A6D00B20F3E /* ZZWidgetProgressView.h */ = {isa = PBXFileReference; lastKnownFileType = sourcecode.c.h; path = ZZWidgetProgressView.h; sourceTree = "<group>"; };
		E788656022B21A6D00B20F3E /* ZZWidgetProgressView.m */ = {isa = PBXFileReference; lastKnownFileType = sourcecode.c.objc; path = ZZWidgetProgressView.m; sourceTree = "<group>"; };
		E788656222B21A8A00B20F3E /* ZZWidgetRippleView.h */ = {isa = PBXFileReference; lastKnownFileType = sourcecode.c.h; path = ZZWidgetRippleView.h; sourceTree = "<group>"; };
		E788656322B21A8A00B20F3E /* ZZWidgetRippleView.m */ = {isa = PBXFileReference; lastKnownFileType = sourcecode.c.objc; path = ZZWidgetRippleView.m; sourceTree = "<group>"; };
		E788656622B21B0500B20F3E /* ZZWidgetTagsView.h */ = {isa = PBXFileReference; lastKnownFileType = sourcecode.c.h; path = ZZWidgetTagsView.h; sourceTree = "<group>"; };
		E788656722B21B0500B20F3E /* ZZWidgetTagsView.m */ = {isa = PBXFileReference; lastKnownFileType = sourcecode.c.objc; path = ZZWidgetTagsView.m; sourceTree = "<group>"; };
		E788656922B21B2800B20F3E /* ZZWidgetToastView.h */ = {isa = PBXFileReference; lastKnownFileType = sourcecode.c.h; path = ZZWidgetToastView.h; sourceTree = "<group>"; };
		E788656A22B21B2800B20F3E /* ZZWidgetToastView.m */ = {isa = PBXFileReference; lastKnownFileType = sourcecode.c.objc; path = ZZWidgetToastView.m; sourceTree = "<group>"; };
		E788656C22B21B3B00B20F3E /* ZZWidgetDropSheetView.h */ = {isa = PBXFileReference; lastKnownFileType = sourcecode.c.h; path = ZZWidgetDropSheetView.h; sourceTree = "<group>"; };
		E788656D22B21B3B00B20F3E /* ZZWidgetDropSheetView.m */ = {isa = PBXFileReference; lastKnownFileType = sourcecode.c.objc; path = ZZWidgetDropSheetView.m; sourceTree = "<group>"; };
		E788656F22B21B9E00B20F3E /* ZZWidgetLoadingView.h */ = {isa = PBXFileReference; lastKnownFileType = sourcecode.c.h; path = ZZWidgetLoadingView.h; sourceTree = "<group>"; };
		E788657022B21B9E00B20F3E /* ZZWidgetLoadingView.m */ = {isa = PBXFileReference; lastKnownFileType = sourcecode.c.objc; path = ZZWidgetLoadingView.m; sourceTree = "<group>"; };
		E79318D722B4E7CD00077FDE /* TestCell.h */ = {isa = PBXFileReference; lastKnownFileType = sourcecode.c.h; path = TestCell.h; sourceTree = "<group>"; };
		E79318D822B4E7CD00077FDE /* TestCell.m */ = {isa = PBXFileReference; lastKnownFileType = sourcecode.c.objc; path = TestCell.m; sourceTree = "<group>"; };
		E79318D922B4E7CD00077FDE /* TestCell.xib */ = {isa = PBXFileReference; lastKnownFileType = file.xib; path = TestCell.xib; sourceTree = "<group>"; };
		E7A45D3A22B3D16900AA1EBF /* TestZZTableViewVC.h */ = {isa = PBXFileReference; lastKnownFileType = sourcecode.c.h; path = TestZZTableViewVC.h; sourceTree = "<group>"; };
		E7A45D3B22B3D16900AA1EBF /* TestZZTableViewVC.m */ = {isa = PBXFileReference; lastKnownFileType = sourcecode.c.objc; path = TestZZTableViewVC.m; sourceTree = "<group>"; };
		E7A45D3C22B3D16900AA1EBF /* TestZZTableViewVC.xib */ = {isa = PBXFileReference; lastKnownFileType = file.xib; path = TestZZTableViewVC.xib; sourceTree = "<group>"; };
		E7AA9512229E3759003964B8 /* TestFontVC.h */ = {isa = PBXFileReference; lastKnownFileType = sourcecode.c.h; path = TestFontVC.h; sourceTree = "<group>"; };
		E7AA9513229E3759003964B8 /* TestFontVC.m */ = {isa = PBXFileReference; lastKnownFileType = sourcecode.c.objc; path = TestFontVC.m; sourceTree = "<group>"; };
		E7AA9514229E3759003964B8 /* TestFontVC.xib */ = {isa = PBXFileReference; lastKnownFileType = file.xib; path = TestFontVC.xib; sourceTree = "<group>"; };
		E7AA9517229E92B7003964B8 /* TestGCDVC.h */ = {isa = PBXFileReference; lastKnownFileType = sourcecode.c.h; path = TestGCDVC.h; sourceTree = "<group>"; };
		E7AA9518229E92B7003964B8 /* TestGCDVC.m */ = {isa = PBXFileReference; lastKnownFileType = sourcecode.c.objc; path = TestGCDVC.m; sourceTree = "<group>"; };
		E7AA9519229E92B7003964B8 /* TestGCDVC.xib */ = {isa = PBXFileReference; lastKnownFileType = file.xib; path = TestGCDVC.xib; sourceTree = "<group>"; };
		E7C3166122A64F07002E4130 /* UIView+ZZKit_Blocks.h */ = {isa = PBXFileReference; lastKnownFileType = sourcecode.c.h; path = "UIView+ZZKit_Blocks.h"; sourceTree = "<group>"; };
		E7C3166222A64F07002E4130 /* UIView+ZZKit_Blocks.m */ = {isa = PBXFileReference; lastKnownFileType = sourcecode.c.objc; path = "UIView+ZZKit_Blocks.m"; sourceTree = "<group>"; };
		E7C3166422A64F80002E4130 /* TestUIResponderBlockVC.h */ = {isa = PBXFileReference; lastKnownFileType = sourcecode.c.h; path = TestUIResponderBlockVC.h; sourceTree = "<group>"; };
		E7C3166522A64F80002E4130 /* TestUIResponderBlockVC.m */ = {isa = PBXFileReference; lastKnownFileType = sourcecode.c.objc; path = TestUIResponderBlockVC.m; sourceTree = "<group>"; };
		E7C3166622A64F80002E4130 /* TestUIResponderBlockVC.xib */ = {isa = PBXFileReference; lastKnownFileType = file.xib; path = TestUIResponderBlockVC.xib; sourceTree = "<group>"; };
		E7C3166922A66830002E4130 /* UIControl+ZZKit_Blocks.h */ = {isa = PBXFileReference; lastKnownFileType = sourcecode.c.h; path = "UIControl+ZZKit_Blocks.h"; sourceTree = "<group>"; };
		E7C3166A22A66830002E4130 /* UIControl+ZZKit_Blocks.m */ = {isa = PBXFileReference; lastKnownFileType = sourcecode.c.objc; path = "UIControl+ZZKit_Blocks.m"; sourceTree = "<group>"; };
		E7CC8878229FB26100C8E744 /* TestRunLoopVC.h */ = {isa = PBXFileReference; lastKnownFileType = sourcecode.c.h; path = TestRunLoopVC.h; sourceTree = "<group>"; };
		E7CC8879229FB26100C8E744 /* TestRunLoopVC.m */ = {isa = PBXFileReference; lastKnownFileType = sourcecode.c.objc; path = TestRunLoopVC.m; sourceTree = "<group>"; };
		E7CC887A229FB26100C8E744 /* TestRunLoopVC.xib */ = {isa = PBXFileReference; lastKnownFileType = file.xib; path = TestRunLoopVC.xib; sourceTree = "<group>"; };
		E7D4606122A02A6C00CF4F14 /* TestOperationQueueVC.h */ = {isa = PBXFileReference; lastKnownFileType = sourcecode.c.h; path = TestOperationQueueVC.h; sourceTree = "<group>"; };
		E7D4606222A02A6C00CF4F14 /* TestOperationQueueVC.m */ = {isa = PBXFileReference; lastKnownFileType = sourcecode.c.objc; path = TestOperationQueueVC.m; sourceTree = "<group>"; };
		E7D4606322A02A6C00CF4F14 /* TestOperationQueueVC.xib */ = {isa = PBXFileReference; lastKnownFileType = file.xib; path = TestOperationQueueVC.xib; sourceTree = "<group>"; };
		E7DC5C13229CCC8600ED8733 /* ZZKit.app */ = {isa = PBXFileReference; explicitFileType = wrapper.application; includeInIndex = 0; path = ZZKit.app; sourceTree = BUILT_PRODUCTS_DIR; };
		E7DC5C16229CCC8600ED8733 /* AppDelegate.h */ = {isa = PBXFileReference; lastKnownFileType = sourcecode.c.h; path = AppDelegate.h; sourceTree = "<group>"; };
		E7DC5C17229CCC8600ED8733 /* AppDelegate.m */ = {isa = PBXFileReference; lastKnownFileType = sourcecode.c.objc; path = AppDelegate.m; sourceTree = "<group>"; };
		E7DC5C19229CCC8600ED8733 /* ViewController.h */ = {isa = PBXFileReference; lastKnownFileType = sourcecode.c.h; path = ViewController.h; sourceTree = "<group>"; };
		E7DC5C1A229CCC8600ED8733 /* ViewController.m */ = {isa = PBXFileReference; lastKnownFileType = sourcecode.c.objc; path = ViewController.m; sourceTree = "<group>"; };
		E7DC5C1D229CCC8600ED8733 /* Base */ = {isa = PBXFileReference; lastKnownFileType = file.storyboard; name = Base; path = Base.lproj/Main.storyboard; sourceTree = "<group>"; };
		E7DC5C1F229CCC8700ED8733 /* Assets.xcassets */ = {isa = PBXFileReference; lastKnownFileType = folder.assetcatalog; path = Assets.xcassets; sourceTree = "<group>"; };
		E7DC5C22229CCC8700ED8733 /* Base */ = {isa = PBXFileReference; lastKnownFileType = file.storyboard; name = Base; path = Base.lproj/LaunchScreen.storyboard; sourceTree = "<group>"; };
		E7DC5C24229CCC8700ED8733 /* Info.plist */ = {isa = PBXFileReference; lastKnownFileType = text.plist.xml; path = Info.plist; sourceTree = "<group>"; };
		E7DC5C25229CCC8700ED8733 /* main.m */ = {isa = PBXFileReference; lastKnownFileType = sourcecode.c.objc; path = main.m; sourceTree = "<group>"; };
		E7DC5C2C229CD69700ED8733 /* ZZKit.podspec */ = {isa = PBXFileReference; fileEncoding = 4; lastKnownFileType = text; path = ZZKit.podspec; sourceTree = "<group>"; };
		E7DC5C2F229CD6BC00ED8733 /* ZZKit.h */ = {isa = PBXFileReference; lastKnownFileType = sourcecode.c.h; path = ZZKit.h; sourceTree = "<group>"; };
		E7DC5C30229CD6BC00ED8733 /* ZZKit.m */ = {isa = PBXFileReference; lastKnownFileType = sourcecode.c.objc; path = ZZKit.m; sourceTree = "<group>"; };
		E7DC5C36229CDD9D00ED8733 /* ZZLRUCache.m */ = {isa = PBXFileReference; fileEncoding = 4; lastKnownFileType = sourcecode.c.objc; path = ZZLRUCache.m; sourceTree = "<group>"; };
		E7DC5C37229CDD9D00ED8733 /* ZZLRUCache.h */ = {isa = PBXFileReference; fileEncoding = 4; lastKnownFileType = sourcecode.c.h; path = ZZLRUCache.h; sourceTree = "<group>"; };
		E7DC5C38229CDD9D00ED8733 /* ZZLinkedMap.h */ = {isa = PBXFileReference; fileEncoding = 4; lastKnownFileType = sourcecode.c.h; path = ZZLinkedMap.h; sourceTree = "<group>"; };
		E7DC5C39229CDD9D00ED8733 /* ZZLinkedMap.m */ = {isa = PBXFileReference; fileEncoding = 4; lastKnownFileType = sourcecode.c.objc; path = ZZLinkedMap.m; sourceTree = "<group>"; };
		E7DC5C3D229CDE7600ED8733 /* TestZZLinkedMapVC.m */ = {isa = PBXFileReference; fileEncoding = 4; lastKnownFileType = sourcecode.c.objc; path = TestZZLinkedMapVC.m; sourceTree = "<group>"; };
		E7DC5C3E229CDE7600ED8733 /* TestZZLinkedMapVC.h */ = {isa = PBXFileReference; fileEncoding = 4; lastKnownFileType = sourcecode.c.h; path = TestZZLinkedMapVC.h; sourceTree = "<group>"; };
		E7DC5C3F229CDE7600ED8733 /* TestZZLinkedMapVC.xib */ = {isa = PBXFileReference; fileEncoding = 4; lastKnownFileType = file.xib; path = TestZZLinkedMapVC.xib; sourceTree = "<group>"; };
		E7DC5C46229CE35800ED8733 /* ZZKit+AppStore.h */ = {isa = PBXFileReference; lastKnownFileType = sourcecode.c.h; path = "ZZKit+AppStore.h"; sourceTree = "<group>"; };
		E7DC5C47229CE35800ED8733 /* ZZKit+AppStore.m */ = {isa = PBXFileReference; lastKnownFileType = sourcecode.c.objc; path = "ZZKit+AppStore.m"; sourceTree = "<group>"; };
		E7DC5C4C229D127300ED8733 /* UIColor+ZZKit.h */ = {isa = PBXFileReference; lastKnownFileType = sourcecode.c.h; path = "UIColor+ZZKit.h"; sourceTree = "<group>"; };
		E7DC5C4D229D127300ED8733 /* UIColor+ZZKit.m */ = {isa = PBXFileReference; lastKnownFileType = sourcecode.c.objc; path = "UIColor+ZZKit.m"; sourceTree = "<group>"; };
		E7DC5C4F229D151D00ED8733 /* NSString+ZZKit.h */ = {isa = PBXFileReference; lastKnownFileType = sourcecode.c.h; path = "NSString+ZZKit.h"; sourceTree = "<group>"; };
		E7DC5C50229D151D00ED8733 /* NSString+ZZKit.m */ = {isa = PBXFileReference; lastKnownFileType = sourcecode.c.objc; path = "NSString+ZZKit.m"; sourceTree = "<group>"; };
		E7DC5C52229D197600ED8733 /* NSData+ZZKit.h */ = {isa = PBXFileReference; lastKnownFileType = sourcecode.c.h; path = "NSData+ZZKit.h"; sourceTree = "<group>"; };
		E7DC5C53229D197600ED8733 /* NSData+ZZKit.m */ = {isa = PBXFileReference; lastKnownFileType = sourcecode.c.objc; path = "NSData+ZZKit.m"; sourceTree = "<group>"; };
		E7DC5C55229D1A9400ED8733 /* NSDate+ZZKit.h */ = {isa = PBXFileReference; lastKnownFileType = sourcecode.c.h; path = "NSDate+ZZKit.h"; sourceTree = "<group>"; };
		E7DC5C56229D1A9400ED8733 /* NSDate+ZZKit.m */ = {isa = PBXFileReference; lastKnownFileType = sourcecode.c.objc; path = "NSDate+ZZKit.m"; sourceTree = "<group>"; };
		E7DC5C58229D3F9000ED8733 /* UIFont+ZZKit.h */ = {isa = PBXFileReference; lastKnownFileType = sourcecode.c.h; path = "UIFont+ZZKit.h"; sourceTree = "<group>"; };
		E7DC5C59229D3F9000ED8733 /* UIFont+ZZKit.m */ = {isa = PBXFileReference; lastKnownFileType = sourcecode.c.objc; path = "UIFont+ZZKit.m"; sourceTree = "<group>"; };
		E7E0178E22AE009500C24EF2 /* UIControl+ZZKit_Keyboard.h */ = {isa = PBXFileReference; lastKnownFileType = sourcecode.c.h; path = "UIControl+ZZKit_Keyboard.h"; sourceTree = "<group>"; };
		E7E0178F22AE009500C24EF2 /* UIControl+ZZKit_Keyboard.m */ = {isa = PBXFileReference; lastKnownFileType = sourcecode.c.objc; path = "UIControl+ZZKit_Keyboard.m"; sourceTree = "<group>"; };
		E7E0179522AE033400C24EF2 /* NSObject+ZZKit_Notification.h */ = {isa = PBXFileReference; lastKnownFileType = sourcecode.c.h; path = "NSObject+ZZKit_Notification.h"; sourceTree = "<group>"; };
		E7E0179622AE033400C24EF2 /* NSObject+ZZKit_Notification.m */ = {isa = PBXFileReference; lastKnownFileType = sourcecode.c.objc; path = "NSObject+ZZKit_Notification.m"; sourceTree = "<group>"; };
		E7E0179822AE24AE00C24EF2 /* TestNotificationVC.h */ = {isa = PBXFileReference; lastKnownFileType = sourcecode.c.h; path = TestNotificationVC.h; sourceTree = "<group>"; };
		E7E0179922AE24AE00C24EF2 /* TestNotificationVC.m */ = {isa = PBXFileReference; lastKnownFileType = sourcecode.c.objc; path = TestNotificationVC.m; sourceTree = "<group>"; };
		E7E0179A22AE24AE00C24EF2 /* TestNotificationVC.xib */ = {isa = PBXFileReference; lastKnownFileType = file.xib; path = TestNotificationVC.xib; sourceTree = "<group>"; };
		E7E0179E22AE277D00C24EF2 /* ZZLock.h */ = {isa = PBXFileReference; lastKnownFileType = sourcecode.c.h; path = ZZLock.h; sourceTree = "<group>"; };
		E7E0179F22AE277D00C24EF2 /* ZZLock.m */ = {isa = PBXFileReference; lastKnownFileType = sourcecode.c.objc; path = ZZLock.m; sourceTree = "<group>"; };
		E7E017A122AE6F2F00C24EF2 /* TestKeyboardAccessoryView.h */ = {isa = PBXFileReference; lastKnownFileType = sourcecode.c.h; path = TestKeyboardAccessoryView.h; sourceTree = "<group>"; };
		E7E017A222AE6F2F00C24EF2 /* TestKeyboardAccessoryView.m */ = {isa = PBXFileReference; lastKnownFileType = sourcecode.c.objc; path = TestKeyboardAccessoryView.m; sourceTree = "<group>"; };
		E7E017A422AE6F3C00C24EF2 /* TestKeyboardAccessoryView.xib */ = {isa = PBXFileReference; lastKnownFileType = file.xib; path = TestKeyboardAccessoryView.xib; sourceTree = "<group>"; };
		E7E017A622AE751500C24EF2 /* ZZEnumCompare.h */ = {isa = PBXFileReference; lastKnownFileType = sourcecode.c.h; path = ZZEnumCompare.h; sourceTree = "<group>"; };
		E7E017A722AE751500C24EF2 /* ZZEnumCompare.m */ = {isa = PBXFileReference; lastKnownFileType = sourcecode.c.objc; path = ZZEnumCompare.m; sourceTree = "<group>"; };
		E7F85F1D22C1B7430018A217 /* TestWidgetVC.h */ = {isa = PBXFileReference; lastKnownFileType = sourcecode.c.h; path = TestWidgetVC.h; sourceTree = "<group>"; };
		E7F85F1E22C1B7430018A217 /* TestWidgetVC.m */ = {isa = PBXFileReference; lastKnownFileType = sourcecode.c.objc; path = TestWidgetVC.m; sourceTree = "<group>"; };
		E7F85F1F22C1B7430018A217 /* TestWidgetVC.xib */ = {isa = PBXFileReference; lastKnownFileType = file.xib; path = TestWidgetVC.xib; sourceTree = "<group>"; };
/* End PBXFileReference section */

/* Begin PBXFrameworksBuildPhase section */
		E7DC5C10229CCC8600ED8733 /* Frameworks */ = {
			isa = PBXFrameworksBuildPhase;
			buildActionMask = 2147483647;
			files = (
				E72DFBBD22B15F200099A8C4 /* SafariServices.framework in Frameworks */,
				9879D01D126C6452FED0B61F /* Pods_ZZKit.framework in Frameworks */,
			);
			runOnlyForDeploymentPostprocessing = 0;
		};
/* End PBXFrameworksBuildPhase section */

/* Begin PBXGroup section */
		79E36189561E6CBFBE1F592D /* Pods */ = {
			isa = PBXGroup;
			children = (
				742A95A0B7D510DB7CB7D1EA /* Pods-ZZKit.debug.xcconfig */,
				DB4C59C6F857D28A542958CF /* Pods-ZZKit.release.xcconfig */,
			);
			name = Pods;
			sourceTree = "<group>";
		};
		C9C8E0306189878D899EC1FA /* Frameworks */ = {
			isa = PBXGroup;
			children = (
				E72DFBBC22B15F200099A8C4 /* SafariServices.framework */,
				7321BA8F6DD7F5018D3A2D24 /* Pods_ZZKit.framework */,
			);
			name = Frameworks;
			sourceTree = "<group>";
		};
		E70C72E822A3697F00341A2B /* ZZDispatchQueue */ = {
			isa = PBXGroup;
			children = (
				E70C72E922A369EA00341A2B /* ZZDispatchQueue.h */,
				E70C72EA22A369EA00341A2B /* ZZDispatchQueue.m */,
			);
			path = ZZDispatchQueue;
			sourceTree = "<group>";
		};
		E7675FF622AF44F00044B9AD /* ZZMacro */ = {
			isa = PBXGroup;
			children = (
				E7675FF722AF45070044B9AD /* ZZMacro.h */,
			);
			path = ZZMacro;
			sourceTree = "<group>";
		};
		E767601922B0DC2A0044B9AD /* ZZController */ = {
			isa = PBXGroup;
			children = (
				E767601A22B0DC470044B9AD /* ZZTabBarController.h */,
				E767601B22B0DC470044B9AD /* ZZTabBarController.m */,
				E767601D22B0DC5B0044B9AD /* ZZNavigationController.h */,
				E767601E22B0DC5B0044B9AD /* ZZNavigationController.m */,
				E72DFBBE22B15F420099A8C4 /* ZZSafariController.h */,
				E72DFBBF22B15F420099A8C4 /* ZZSafariController.m */,
				E72DFBC422B1603E0099A8C4 /* ZZWebViewController.h */,
				E72DFBC522B1603E0099A8C4 /* ZZWebViewController.m */,
				E72DFBC122B1601A0099A8C4 /* ZZWebView.h */,
				E72DFBC222B1601A0099A8C4 /* ZZWebView.m */,
			);
			path = ZZController;
			sourceTree = "<group>";
		};
		E77ADD3F22BBAB9D0015DB1B /* TestFP */ = {
			isa = PBXGroup;
			children = (
				E77ADD4022BBABB90015DB1B /* CalcMarker.h */,
				E77ADD4622BBABBA0015DB1B /* CalcMarker.m */,
				E77ADD4522BBABBA0015DB1B /* Calculator.h */,
				E77ADD4222BBABBA0015DB1B /* Calculator.m */,
				E77ADD4422BBABBA0015DB1B /* FJWrapNumber.h */,
				E77ADD4722BBABBA0015DB1B /* FJWrapNumber.m */,
				E77ADD4322BBABBA0015DB1B /* NSObject+Calc.h */,
				E77ADD4122BBABB90015DB1B /* NSObject+Calc.m */,
			);
			path = TestFP;
			sourceTree = "<group>";
		};
		E788654B22B2054200B20F3E /* ZZTrace */ = {
			isa = PBXGroup;
			children = (
				E788654C22B2055900B20F3E /* ZZTrace.h */,
				E788654D22B2055900B20F3E /* ZZTrace.m */,
			);
			path = ZZTrace;
			sourceTree = "<group>";
		};
		E788655222B205E300B20F3E /* ZZReachability */ = {
			isa = PBXGroup;
			children = (
				E788655622B218C600B20F3E /* ZZReachability.h */,
				E788655722B218C600B20F3E /* ZZReachability.m */,
			);
			path = ZZReachability;
			sourceTree = "<group>";
		};
		E788655922B218FD00B20F3E /* ZZWidget */ = {
			isa = PBXGroup;
			children = (
				E788655C22B21A1600B20F3E /* ZZWidgetTimerView.h */,
				E788655D22B21A1600B20F3E /* ZZWidgetTimerView.m */,
				E788655F22B21A6D00B20F3E /* ZZWidgetProgressView.h */,
				E788656022B21A6D00B20F3E /* ZZWidgetProgressView.m */,
				E788656222B21A8A00B20F3E /* ZZWidgetRippleView.h */,
				E788656322B21A8A00B20F3E /* ZZWidgetRippleView.m */,
				E788656622B21B0500B20F3E /* ZZWidgetTagsView.h */,
				E788656722B21B0500B20F3E /* ZZWidgetTagsView.m */,
				E788656922B21B2800B20F3E /* ZZWidgetToastView.h */,
				E788656A22B21B2800B20F3E /* ZZWidgetToastView.m */,
				E788656F22B21B9E00B20F3E /* ZZWidgetLoadingView.h */,
				E788657022B21B9E00B20F3E /* ZZWidgetLoadingView.m */,
				E788656C22B21B3B00B20F3E /* ZZWidgetDropSheetView.h */,
				E788656D22B21B3B00B20F3E /* ZZWidgetDropSheetView.m */,
			);
			path = ZZWidget;
			sourceTree = "<group>";
		};
		E788655A22B2198D00B20F3E /* ZZTableView */ = {
			isa = PBXGroup;
			children = (
				E72D830222B32F9E004B9CA6 /* ZZTableView.h */,
				E72D830322B32F9E004B9CA6 /* ZZTableView.m */,
				E77ADD3C22BB3B990015DB1B /* UITableView+ZZKit.h */,
				E77ADD3D22BB3B990015DB1B /* UITableView+ZZKit.m */,
			);
			path = ZZTableView;
			sourceTree = "<group>";
		};
		E788655B22B2199700B20F3E /* ZZCollectionView */ = {
			isa = PBXGroup;
			children = (
				E70C3FFA22C09F8C0047A1C0 /* ZZCollectionView.h */,
				E70C3FFB22C09F8C0047A1C0 /* ZZCollectionView.m */,
			);
			path = ZZCollectionView;
			sourceTree = "<group>";
		};
		E7DC5C0A229CCC8600ED8733 = {
			isa = PBXGroup;
			children = (
				E7DC5C2C229CD69700ED8733 /* ZZKit.podspec */,
				E7DC5C42229CE2D600ED8733 /* ZZCamera */,
				E7DC5C2E229CD6A500ED8733 /* ZZKit */,
				E7DC5C15229CCC8600ED8733 /* Main */,
				E7DC5C14229CCC8600ED8733 /* Products */,
				79E36189561E6CBFBE1F592D /* Pods */,
				C9C8E0306189878D899EC1FA /* Frameworks */,
			);
			sourceTree = "<group>";
		};
		E7DC5C14229CCC8600ED8733 /* Products */ = {
			isa = PBXGroup;
			children = (
				E7DC5C13229CCC8600ED8733 /* ZZKit.app */,
			);
			name = Products;
			sourceTree = "<group>";
		};
		E7DC5C15229CCC8600ED8733 /* Main */ = {
			isa = PBXGroup;
			children = (
				E7DC5C3C229CDE6600ED8733 /* test */,
				E7DC5C16229CCC8600ED8733 /* AppDelegate.h */,
				E7DC5C17229CCC8600ED8733 /* AppDelegate.m */,
				E7DC5C19229CCC8600ED8733 /* ViewController.h */,
				E7DC5C1A229CCC8600ED8733 /* ViewController.m */,
				E7DC5C1C229CCC8600ED8733 /* Main.storyboard */,
				E7DC5C1F229CCC8700ED8733 /* Assets.xcassets */,
				E7DC5C21229CCC8700ED8733 /* LaunchScreen.storyboard */,
				E7DC5C24229CCC8700ED8733 /* Info.plist */,
				E7DC5C25229CCC8700ED8733 /* main.m */,
			);
			path = Main;
			sourceTree = "<group>";
		};
		E7DC5C2E229CD6A500ED8733 /* ZZKit */ = {
			isa = PBXGroup;
			children = (
				E788655B22B2199700B20F3E /* ZZCollectionView */,
				E788655A22B2198D00B20F3E /* ZZTableView */,
				E788655922B218FD00B20F3E /* ZZWidget */,
				E788655222B205E300B20F3E /* ZZReachability */,
				E788654B22B2054200B20F3E /* ZZTrace */,
				E767601922B0DC2A0044B9AD /* ZZController */,
				E7675FF622AF44F00044B9AD /* ZZMacro */,
				E70C72E822A3697F00341A2B /* ZZDispatchQueue */,
				E7DC5C35229CD75600ED8733 /* ZZCache */,
				E7DC5C34229CD71A00ED8733 /* ZZDevice */,
				E7DC5C33229CD71000ED8733 /* ZZNetwork */,
				E7DC5C32229CD6E300ED8733 /* ZZCategory */,
				E7DC5C2F229CD6BC00ED8733 /* ZZKit.h */,
				E7DC5C30229CD6BC00ED8733 /* ZZKit.m */,
			);
			path = ZZKit;
			sourceTree = "<group>";
		};
		E7DC5C32229CD6E300ED8733 /* ZZCategory */ = {
			isa = PBXGroup;
			children = (
				E767600322AFBF220044B9AD /* ZZTimer.h */,
				E767600422AFBF220044B9AD /* ZZTimer.m */,
				E7E0179E22AE277D00C24EF2 /* ZZLock.h */,
				E7E0179F22AE277D00C24EF2 /* ZZLock.m */,
				E7E017A622AE751500C24EF2 /* ZZEnumCompare.h */,
				E7E017A722AE751500C24EF2 /* ZZEnumCompare.m */,
				E7DC5C46229CE35800ED8733 /* ZZKit+AppStore.h */,
				E7DC5C47229CE35800ED8733 /* ZZKit+AppStore.m */,
				E7E0179522AE033400C24EF2 /* NSObject+ZZKit_Notification.h */,
				E7E0179622AE033400C24EF2 /* NSObject+ZZKit_Notification.m */,
				E767600B22AFCBE10044B9AD /* NSObject+ZZKit_Timer.h */,
				E767600C22AFCBE10044B9AD /* NSObject+ZZKit_Timer.m */,
				E767602022B0E1A10044B9AD /* NSObject+ZZKit_Image.h */,
				E767602122B0E1A10044B9AD /* NSObject+ZZKit_Image.m */,
				E788654F22B205BF00B20F3E /* NSObject+ZZKit_Storge.h */,
				E788655022B205BF00B20F3E /* NSObject+ZZKit_Storge.m */,
				E7DC5C52229D197600ED8733 /* NSData+ZZKit.h */,
				E7DC5C53229D197600ED8733 /* NSData+ZZKit.m */,
				E788653F22B1E57C00B20F3E /* NSArray+ZZKit.h */,
				E788654022B1E57C00B20F3E /* NSArray+ZZKit.m */,
				E788654222B1E59200B20F3E /* NSMutableArray+ZZKit.h */,
				E788654322B1E59200B20F3E /* NSMutableArray+ZZKit.m */,
				E788654522B1E5B200B20F3E /* NSDictionary+ZZKit.h */,
				E788654622B1E5B200B20F3E /* NSDictionary+ZZKit.m */,
				E7DC5C55229D1A9400ED8733 /* NSDate+ZZKit.h */,
				E7DC5C56229D1A9400ED8733 /* NSDate+ZZKit.m */,
				E7DC5C4F229D151D00ED8733 /* NSString+ZZKit.h */,
				E7DC5C50229D151D00ED8733 /* NSString+ZZKit.m */,
				E7675FFB22AF9DD10044B9AD /* NSAttributedString+ZZKit.h */,
				E7675FFC22AF9DD10044B9AD /* NSAttributedString+ZZKit.m */,
				E7DC5C4C229D127300ED8733 /* UIColor+ZZKit.h */,
				E7DC5C4D229D127300ED8733 /* UIColor+ZZKit.m */,
				E7DC5C58229D3F9000ED8733 /* UIFont+ZZKit.h */,
				E7DC5C59229D3F9000ED8733 /* UIFont+ZZKit.m */,
				E756192B22A52558000C0ABA /* UIImage+ZZKit.h */,
				E756192C22A52558000C0ABA /* UIImage+ZZKit.m */,
				E72DFBB622B155BF0099A8C4 /* CALayer+ZZKit.h */,
				E72DFBB722B155BF0099A8C4 /* CALayer+ZZKit.m */,
				E767601122B09A6E0044B9AD /* UIView+ZZKit.h */,
				E767601222B09A6E0044B9AD /* UIView+ZZKit.m */,
				E7C3166122A64F07002E4130 /* UIView+ZZKit_Blocks.h */,
				E7C3166222A64F07002E4130 /* UIView+ZZKit_Blocks.m */,
				E7C3166922A66830002E4130 /* UIControl+ZZKit_Blocks.h */,
				E7C3166A22A66830002E4130 /* UIControl+ZZKit_Blocks.m */,
				E7675FFE22AF9F460044B9AD /* NSBundle+ZZKit.h */,
				E7675FFF22AF9F460044B9AD /* NSBundle+ZZKit.m */,
				E7E0178E22AE009500C24EF2 /* UIControl+ZZKit_Keyboard.h */,
				E7E0178F22AE009500C24EF2 /* UIControl+ZZKit_Keyboard.m */,
				E767602622B0F8600044B9AD /* UIButton+ZZKit.h */,
				E767602722B0F8600044B9AD /* UIButton+ZZKit.m */,
				E767602922B0FEC60044B9AD /* UIWindow+ZZKit.h */,
				E767602A22B0FEC60044B9AD /* UIWindow+ZZKit.m */,
				E767602322B0E3F30044B9AD /* UIViewController+ZZKit.h */,
				E767602422B0E3F30044B9AD /* UIViewController+ZZKit.m */,
				E72DFBB922B156800099A8C4 /* UITabBarController+ZZKit.h */,
				E72DFBBA22B156800099A8C4 /* UITabBarController+ZZKit.m */,
				E767600E22B099D20044B9AD /* UITabBar+ZZKit.h */,
				E767600F22B099D20044B9AD /* UITabBar+ZZKit.m */,
				E788654822B2008D00B20F3E /* UIImageView+ZZKit.h */,
				E788654922B2008D00B20F3E /* UIImageView+ZZKit.m */,
			);
			path = ZZCategory;
			sourceTree = "<group>";
		};
		E7DC5C33229CD71000ED8733 /* ZZNetwork */ = {
			isa = PBXGroup;
			children = (
			);
			path = ZZNetwork;
			sourceTree = "<group>";
		};
		E7DC5C34229CD71A00ED8733 /* ZZDevice */ = {
			isa = PBXGroup;
			children = (
				E7675FF822AF45DB0044B9AD /* ZZDevice.h */,
				E7675FF922AF45DB0044B9AD /* ZZDevice.m */,
			);
			path = ZZDevice;
			sourceTree = "<group>";
		};
		E7DC5C35229CD75600ED8733 /* ZZCache */ = {
			isa = PBXGroup;
			children = (
				E7DC5C38229CDD9D00ED8733 /* ZZLinkedMap.h */,
				E7DC5C39229CDD9D00ED8733 /* ZZLinkedMap.m */,
				E7DC5C37229CDD9D00ED8733 /* ZZLRUCache.h */,
				E7DC5C36229CDD9D00ED8733 /* ZZLRUCache.m */,
			);
			path = ZZCache;
			sourceTree = "<group>";
		};
		E7DC5C3C229CDE6600ED8733 /* test */ = {
			isa = PBXGroup;
			children = (
				E767600122AFB2060044B9AD /* test.bundle */,
				E77ADD3F22BBAB9D0015DB1B /* TestFP */,
				E7DC5C3E229CDE7600ED8733 /* TestZZLinkedMapVC.h */,
				E7DC5C3D229CDE7600ED8733 /* TestZZLinkedMapVC.m */,
				E7DC5C3F229CDE7600ED8733 /* TestZZLinkedMapVC.xib */,
				E7AA9512229E3759003964B8 /* TestFontVC.h */,
				E7AA9513229E3759003964B8 /* TestFontVC.m */,
				E7AA9514229E3759003964B8 /* TestFontVC.xib */,
				E7AA9517229E92B7003964B8 /* TestGCDVC.h */,
				E7AA9518229E92B7003964B8 /* TestGCDVC.m */,
				E7AA9519229E92B7003964B8 /* TestGCDVC.xib */,
				E7CC8878229FB26100C8E744 /* TestRunLoopVC.h */,
				E7CC8879229FB26100C8E744 /* TestRunLoopVC.m */,
				E7CC887A229FB26100C8E744 /* TestRunLoopVC.xib */,
				E7D4606122A02A6C00CF4F14 /* TestOperationQueueVC.h */,
				E7D4606222A02A6C00CF4F14 /* TestOperationQueueVC.m */,
				E7D4606322A02A6C00CF4F14 /* TestOperationQueueVC.xib */,
				E70C72EC22A36C0000341A2B /* TestZZDispatchQueueVC.h */,
				E70C72ED22A36C0000341A2B /* TestZZDispatchQueueVC.m */,
				E70C72EE22A36C0000341A2B /* TestZZDispatchQueueVC.xib */,
				E7C3166422A64F80002E4130 /* TestUIResponderBlockVC.h */,
				E7C3166522A64F80002E4130 /* TestUIResponderBlockVC.m */,
				E7C3166622A64F80002E4130 /* TestUIResponderBlockVC.xib */,
				E715E12122A6767A00228722 /* TestUIimageVC.h */,
				E715E12222A6767A00228722 /* TestUIimageVC.m */,
				E715E12322A6767A00228722 /* TestUIimageVC.xib */,
				E7E0179822AE24AE00C24EF2 /* TestNotificationVC.h */,
				E7E0179922AE24AE00C24EF2 /* TestNotificationVC.m */,
				E7E0179A22AE24AE00C24EF2 /* TestNotificationVC.xib */,
				E7E017A122AE6F2F00C24EF2 /* TestKeyboardAccessoryView.h */,
				E7E017A222AE6F2F00C24EF2 /* TestKeyboardAccessoryView.m */,
				E7E017A422AE6F3C00C24EF2 /* TestKeyboardAccessoryView.xib */,
				E767600622AFC4DE0044B9AD /* TestTimerVC.h */,
				E767600722AFC4DE0044B9AD /* TestTimerVC.m */,
				E767600822AFC4DE0044B9AD /* TestTimerVC.xib */,
				E767601422B0AA120044B9AD /* TestUIVC.h */,
				E767601522B0AA120044B9AD /* TestUIVC.m */,
				E767601622B0AA120044B9AD /* TestUIVC.xib */,
				E7A45D3A22B3D16900AA1EBF /* TestZZTableViewVC.h */,
				E7A45D3B22B3D16900AA1EBF /* TestZZTableViewVC.m */,
				E7A45D3C22B3D16900AA1EBF /* TestZZTableViewVC.xib */,
				E79318D722B4E7CD00077FDE /* TestCell.h */,
				E79318D822B4E7CD00077FDE /* TestCell.m */,
				E79318D922B4E7CD00077FDE /* TestCell.xib */,
				E770C7A622BB2F5F00625C85 /* TestHeaderView.h */,
				E770C7A722BB2F5F00625C85 /* TestHeaderView.m */,
				E770C7A922BB2FB400625C85 /* TestHeaderView.xib */,
				E70C400222C0D60C0047A1C0 /* TestZZCollectionViewVC.h */,
				E70C400322C0D60C0047A1C0 /* TestZZCollectionViewVC.m */,
				E70C400422C0D60C0047A1C0 /* TestZZCollectionViewVC.xib */,
				E70C400722C0D6ED0047A1C0 /* TestCollectionViewCell.h */,
				E70C400822C0D6ED0047A1C0 /* TestCollectionViewCell.m */,
				E70C400922C0D6ED0047A1C0 /* TestCollectionViewCell.xib */,
				E70C400C22C0EEAC0047A1C0 /* TestHeadCollectionViewCell.h */,
				E70C400D22C0EEAC0047A1C0 /* TestHeadCollectionViewCell.m */,
				E70C400E22C0EEAC0047A1C0 /* TestHeadCollectionViewCell.xib */,
				E7F85F1D22C1B7430018A217 /* TestWidgetVC.h */,
				E7F85F1E22C1B7430018A217 /* TestWidgetVC.m */,
				E7F85F1F22C1B7430018A217 /* TestWidgetVC.xib */,
			);
			path = test;
			sourceTree = "<group>";
		};
		E7DC5C42229CE2D600ED8733 /* ZZCamera */ = {
			isa = PBXGroup;
			children = (
			);
			path = ZZCamera;
			sourceTree = "<group>";
		};
/* End PBXGroup section */

/* Begin PBXNativeTarget section */
		E7DC5C12229CCC8600ED8733 /* ZZKit */ = {
			isa = PBXNativeTarget;
			buildConfigurationList = E7DC5C29229CCC8700ED8733 /* Build configuration list for PBXNativeTarget "ZZKit" */;
			buildPhases = (
				CA6ADA7970B8B18B75BD6B27 /* [CP] Check Pods Manifest.lock */,
				E7DC5C0F229CCC8600ED8733 /* Sources */,
				E7DC5C10229CCC8600ED8733 /* Frameworks */,
				E7DC5C11229CCC8600ED8733 /* Resources */,
				D7A2D2D55DD0850EED32020A /* [CP] Embed Pods Frameworks */,
			);
			buildRules = (
			);
			dependencies = (
			);
			name = ZZKit;
			productName = ZZKit;
			productReference = E7DC5C13229CCC8600ED8733 /* ZZKit.app */;
			productType = "com.apple.product-type.application";
		};
/* End PBXNativeTarget section */

/* Begin PBXProject section */
		E7DC5C0B229CCC8600ED8733 /* Project object */ = {
			isa = PBXProject;
			attributes = {
				LastUpgradeCheck = 1020;
				ORGANIZATIONNAME = Jeff;
				TargetAttributes = {
					E7DC5C12229CCC8600ED8733 = {
						CreatedOnToolsVersion = 10.2.1;
					};
				};
			};
			buildConfigurationList = E7DC5C0E229CCC8600ED8733 /* Build configuration list for PBXProject "ZZKit" */;
			compatibilityVersion = "Xcode 9.3";
			developmentRegion = en;
			hasScannedForEncodings = 0;
			knownRegions = (
				en,
				Base,
			);
			mainGroup = E7DC5C0A229CCC8600ED8733;
			productRefGroup = E7DC5C14229CCC8600ED8733 /* Products */;
			projectDirPath = "";
			projectRoot = "";
			targets = (
				E7DC5C12229CCC8600ED8733 /* ZZKit */,
			);
		};
/* End PBXProject section */

/* Begin PBXResourcesBuildPhase section */
		E7DC5C11229CCC8600ED8733 /* Resources */ = {
			isa = PBXResourcesBuildPhase;
			buildActionMask = 2147483647;
			files = (
				E7A45D3E22B3D16900AA1EBF /* TestZZTableViewVC.xib in Resources */,
				E7DC5C23229CCC8700ED8733 /* LaunchScreen.storyboard in Resources */,
				E7D4606522A02A6C00CF4F14 /* TestOperationQueueVC.xib in Resources */,
				E70C400622C0D60C0047A1C0 /* TestZZCollectionViewVC.xib in Resources */,
				E7E017A522AE6F3C00C24EF2 /* TestKeyboardAccessoryView.xib in Resources */,
				E7E0179C22AE24AE00C24EF2 /* TestNotificationVC.xib in Resources */,
				E7F85F2122C1B7430018A217 /* TestWidgetVC.xib in Resources */,
				E70C72F022A36C0000341A2B /* TestZZDispatchQueueVC.xib in Resources */,
				E7DC5C2D229CD69700ED8733 /* ZZKit.podspec in Resources */,
				E715E12522A6767A00228722 /* TestUIimageVC.xib in Resources */,
				E79318DB22B4E7CD00077FDE /* TestCell.xib in Resources */,
				E70C400B22C0D6ED0047A1C0 /* TestCollectionViewCell.xib in Resources */,
				E7DC5C41229CDE7600ED8733 /* TestZZLinkedMapVC.xib in Resources */,
				E7C3166822A64F80002E4130 /* TestUIResponderBlockVC.xib in Resources */,
				E7AA9516229E3759003964B8 /* TestFontVC.xib in Resources */,
				E767601822B0AA120044B9AD /* TestUIVC.xib in Resources */,
				E70C401022C0EEAC0047A1C0 /* TestHeadCollectionViewCell.xib in Resources */,
				E767600A22AFC4DE0044B9AD /* TestTimerVC.xib in Resources */,
				E7DC5C20229CCC8700ED8733 /* Assets.xcassets in Resources */,
				E770C7AA22BB2FB400625C85 /* TestHeaderView.xib in Resources */,
				E7DC5C1E229CCC8600ED8733 /* Main.storyboard in Resources */,
				E7AA951B229E92B7003964B8 /* TestGCDVC.xib in Resources */,
				E767600222AFB2060044B9AD /* test.bundle in Resources */,
				E7CC887C229FB26100C8E744 /* TestRunLoopVC.xib in Resources */,
			);
			runOnlyForDeploymentPostprocessing = 0;
		};
/* End PBXResourcesBuildPhase section */

/* Begin PBXShellScriptBuildPhase section */
		CA6ADA7970B8B18B75BD6B27 /* [CP] Check Pods Manifest.lock */ = {
			isa = PBXShellScriptBuildPhase;
			buildActionMask = 2147483647;
			files = (
			);
			inputPaths = (
				"${PODS_PODFILE_DIR_PATH}/Podfile.lock",
				"${PODS_ROOT}/Manifest.lock",
			);
			name = "[CP] Check Pods Manifest.lock";
			outputPaths = (
				"$(DERIVED_FILE_DIR)/Pods-ZZKit-checkManifestLockResult.txt",
			);
			runOnlyForDeploymentPostprocessing = 0;
			shellPath = /bin/sh;
			shellScript = "diff \"${PODS_PODFILE_DIR_PATH}/Podfile.lock\" \"${PODS_ROOT}/Manifest.lock\" > /dev/null\nif [ $? != 0 ] ; then\n    # print error to STDERR\n    echo \"error: The sandbox is not in sync with the Podfile.lock. Run 'pod install' or update your CocoaPods installation.\" >&2\n    exit 1\nfi\n# This output is used by Xcode 'outputs' to avoid re-running this script phase.\necho \"SUCCESS\" > \"${SCRIPT_OUTPUT_FILE_0}\"\n";
			showEnvVarsInLog = 0;
		};
		D7A2D2D55DD0850EED32020A /* [CP] Embed Pods Frameworks */ = {
			isa = PBXShellScriptBuildPhase;
			buildActionMask = 2147483647;
			files = (
			);
			inputPaths = (
				"${SRCROOT}/Pods/Target Support Files/Pods-ZZKit/Pods-ZZKit-frameworks.sh",
				"${BUILT_PRODUCTS_DIR}/Masonry/Masonry.framework",
				"${BUILT_PRODUCTS_DIR}/OpenUDID/OpenUDID.framework",
				"${BUILT_PRODUCTS_DIR}/Reachability/Reachability.framework",
				"${BUILT_PRODUCTS_DIR}/ReactiveObjC/ReactiveObjC.framework",
				"${BUILT_PRODUCTS_DIR}/SDWebImage/SDWebImage.framework",
				"${BUILT_PRODUCTS_DIR}/Typeset/Typeset.framework",
				"${BUILT_PRODUCTS_DIR}/YYModel/YYModel.framework",
			);
			name = "[CP] Embed Pods Frameworks";
			outputPaths = (
				"${TARGET_BUILD_DIR}/${FRAMEWORKS_FOLDER_PATH}/Masonry.framework",
				"${TARGET_BUILD_DIR}/${FRAMEWORKS_FOLDER_PATH}/OpenUDID.framework",
				"${TARGET_BUILD_DIR}/${FRAMEWORKS_FOLDER_PATH}/Reachability.framework",
				"${TARGET_BUILD_DIR}/${FRAMEWORKS_FOLDER_PATH}/ReactiveObjC.framework",
				"${TARGET_BUILD_DIR}/${FRAMEWORKS_FOLDER_PATH}/SDWebImage.framework",
				"${TARGET_BUILD_DIR}/${FRAMEWORKS_FOLDER_PATH}/Typeset.framework",
				"${TARGET_BUILD_DIR}/${FRAMEWORKS_FOLDER_PATH}/YYModel.framework",
			);
			runOnlyForDeploymentPostprocessing = 0;
			shellPath = /bin/sh;
			shellScript = "\"${SRCROOT}/Pods/Target Support Files/Pods-ZZKit/Pods-ZZKit-frameworks.sh\"\n";
			showEnvVarsInLog = 0;
		};
/* End PBXShellScriptBuildPhase section */

/* Begin PBXSourcesBuildPhase section */
		E7DC5C0F229CCC8600ED8733 /* Sources */ = {
			isa = PBXSourcesBuildPhase;
			buildActionMask = 2147483647;
			files = (
				E767602B22B0FEC60044B9AD /* UIWindow+ZZKit.m in Sources */,
				E767601022B099D20044B9AD /* UITabBar+ZZKit.m in Sources */,
				E70C400A22C0D6ED0047A1C0 /* TestCollectionViewCell.m in Sources */,
				E7D4606422A02A6C00CF4F14 /* TestOperationQueueVC.m in Sources */,
				E7DC5C4E229D127300ED8733 /* UIColor+ZZKit.m in Sources */,
				E7C3166B22A66830002E4130 /* UIControl+ZZKit_Blocks.m in Sources */,
				E767600522AFBF220044B9AD /* ZZTimer.m in Sources */,
				E7E0179022AE009500C24EF2 /* UIControl+ZZKit_Keyboard.m in Sources */,
				E7E017A022AE277D00C24EF2 /* ZZLock.m in Sources */,
				E7DC5C48229CE35800ED8733 /* ZZKit+AppStore.m in Sources */,
				E77ADD4B22BBABBA0015DB1B /* FJWrapNumber.m in Sources */,
				E715E12422A6767A00228722 /* TestUIimageVC.m in Sources */,
				E72D830422B32F9E004B9CA6 /* ZZTableView.m in Sources */,
				E788655E22B21A1600B20F3E /* ZZWidgetTimerView.m in Sources */,
				E767600922AFC4DE0044B9AD /* TestTimerVC.m in Sources */,
				E767601F22B0DC5B0044B9AD /* ZZNavigationController.m in Sources */,
				E70C72EB22A369EA00341A2B /* ZZDispatchQueue.m in Sources */,
				E72DFBC022B15F420099A8C4 /* ZZSafariController.m in Sources */,
				E767601C22B0DC470044B9AD /* ZZTabBarController.m in Sources */,
				E7DC5C3A229CDD9D00ED8733 /* ZZLRUCache.m in Sources */,
				E7DC5C3B229CDD9D00ED8733 /* ZZLinkedMap.m in Sources */,
				E788656422B21A8A00B20F3E /* ZZWidgetRippleView.m in Sources */,
				E77ADD3E22BB3B990015DB1B /* UITableView+ZZKit.m in Sources */,
				E77ADD4922BBABBA0015DB1B /* Calculator.m in Sources */,
				E72DFBC622B1603E0099A8C4 /* ZZWebViewController.m in Sources */,
				E72DFBBB22B156800099A8C4 /* UITabBarController+ZZKit.m in Sources */,
				E7DC5C51229D151D00ED8733 /* NSString+ZZKit.m in Sources */,
				E70C400F22C0EEAC0047A1C0 /* TestHeadCollectionViewCell.m in Sources */,
				E788655122B205BF00B20F3E /* NSObject+ZZKit_Storge.m in Sources */,
				E767602222B0E1A10044B9AD /* NSObject+ZZKit_Image.m in Sources */,
				E7DC5C1B229CCC8600ED8733 /* ViewController.m in Sources */,
				E7675FFD22AF9DD10044B9AD /* NSAttributedString+ZZKit.m in Sources */,
				E7AA951A229E92B7003964B8 /* TestGCDVC.m in Sources */,
				E7C3166722A64F80002E4130 /* TestUIResponderBlockVC.m in Sources */,
				E788656E22B21B3B00B20F3E /* ZZWidgetDropSheetView.m in Sources */,
				E7CC887B229FB26100C8E744 /* TestRunLoopVC.m in Sources */,
				E77ADD4822BBABBA0015DB1B /* NSObject+Calc.m in Sources */,
				E7DC5C5A229D3F9000ED8733 /* UIFont+ZZKit.m in Sources */,
				E7DC5C40229CDE7600ED8733 /* TestZZLinkedMapVC.m in Sources */,
				E767601722B0AA120044B9AD /* TestUIVC.m in Sources */,
				E788657122B21B9E00B20F3E /* ZZWidgetLoadingView.m in Sources */,
				E788654E22B2055900B20F3E /* ZZTrace.m in Sources */,
				E7A45D3D22B3D16900AA1EBF /* TestZZTableViewVC.m in Sources */,
				E72DFBC322B1601A0099A8C4 /* ZZWebView.m in Sources */,
				E70C400522C0D60C0047A1C0 /* TestZZCollectionViewVC.m in Sources */,
				E767600D22AFCBE10044B9AD /* NSObject+ZZKit_Timer.m in Sources */,
				E770C7A822BB2F5F00625C85 /* TestHeaderView.m in Sources */,
				E7DC5C57229D1A9400ED8733 /* NSDate+ZZKit.m in Sources */,
				E7E017A822AE751500C24EF2 /* ZZEnumCompare.m in Sources */,
				E7DC5C26229CCC8700ED8733 /* main.m in Sources */,
				E79318DA22B4E7CD00077FDE /* TestCell.m in Sources */,
				E767601322B09A6E0044B9AD /* UIView+ZZKit.m in Sources */,
				E767600022AF9F460044B9AD /* NSBundle+ZZKit.m in Sources */,
				E70C3FFC22C09F8C0047A1C0 /* ZZCollectionView.m in Sources */,
				E7E0179B22AE24AE00C24EF2 /* TestNotificationVC.m in Sources */,
				E756192D22A52558000C0ABA /* UIImage+ZZKit.m in Sources */,
				E788654422B1E59200B20F3E /* NSMutableArray+ZZKit.m in Sources */,
				E788656822B21B0500B20F3E /* ZZWidgetTagsView.m in Sources */,
				E7DC5C31229CD6BC00ED8733 /* ZZKit.m in Sources */,
				E7675FFA22AF45DB0044B9AD /* ZZDevice.m in Sources */,
				E788656122B21A6D00B20F3E /* ZZWidgetProgressView.m in Sources */,
				E788654A22B2008D00B20F3E /* UIImageView+ZZKit.m in Sources */,
				E7E017A322AE6F2F00C24EF2 /* TestKeyboardAccessoryView.m in Sources */,
				E767602822B0F8600044B9AD /* UIButton+ZZKit.m in Sources */,
				E7F85F2022C1B7430018A217 /* TestWidgetVC.m in Sources */,
				E788655822B218C600B20F3E /* ZZReachability.m in Sources */,
				E77ADD4A22BBABBA0015DB1B /* CalcMarker.m in Sources */,
				E7DC5C54229D197600ED8733 /* NSData+ZZKit.m in Sources */,
				E70C72EF22A36C0000341A2B /* TestZZDispatchQueueVC.m in Sources */,
				E788654722B1E5B200B20F3E /* NSDictionary+ZZKit.m in Sources */,
				E788656B22B21B2800B20F3E /* ZZWidgetToastView.m in Sources */,
				E7DC5C18229CCC8600ED8733 /* AppDelegate.m in Sources */,
				E7E0179722AE033400C24EF2 /* NSObject+ZZKit_Notification.m in Sources */,
				E788654122B1E57C00B20F3E /* NSArray+ZZKit.m in Sources */,
				E7C3166322A64F07002E4130 /* UIView+ZZKit_Blocks.m in Sources */,
				E767602522B0E3F30044B9AD /* UIViewController+ZZKit.m in Sources */,
				E72DFBB822B155BF0099A8C4 /* CALayer+ZZKit.m in Sources */,
				E7AA9515229E3759003964B8 /* TestFontVC.m in Sources */,
			);
			runOnlyForDeploymentPostprocessing = 0;
		};
/* End PBXSourcesBuildPhase section */

/* Begin PBXVariantGroup section */
		E7DC5C1C229CCC8600ED8733 /* Main.storyboard */ = {
			isa = PBXVariantGroup;
			children = (
				E7DC5C1D229CCC8600ED8733 /* Base */,
			);
			name = Main.storyboard;
			sourceTree = "<group>";
		};
		E7DC5C21229CCC8700ED8733 /* LaunchScreen.storyboard */ = {
			isa = PBXVariantGroup;
			children = (
				E7DC5C22229CCC8700ED8733 /* Base */,
			);
			name = LaunchScreen.storyboard;
			sourceTree = "<group>";
		};
/* End PBXVariantGroup section */

/* Begin XCBuildConfiguration section */
		E7DC5C27229CCC8700ED8733 /* Debug */ = {
			isa = XCBuildConfiguration;
			buildSettings = {
				ALWAYS_SEARCH_USER_PATHS = NO;
				CLANG_ANALYZER_NONNULL = YES;
				CLANG_ANALYZER_NUMBER_OBJECT_CONVERSION = YES_AGGRESSIVE;
				CLANG_CXX_LANGUAGE_STANDARD = "gnu++14";
				CLANG_CXX_LIBRARY = "libc++";
				CLANG_ENABLE_MODULES = YES;
				CLANG_ENABLE_OBJC_ARC = YES;
				CLANG_ENABLE_OBJC_WEAK = YES;
				CLANG_WARN_BLOCK_CAPTURE_AUTORELEASING = YES;
				CLANG_WARN_BOOL_CONVERSION = YES;
				CLANG_WARN_COMMA = YES;
				CLANG_WARN_CONSTANT_CONVERSION = YES;
				CLANG_WARN_DEPRECATED_OBJC_IMPLEMENTATIONS = YES;
				CLANG_WARN_DIRECT_OBJC_ISA_USAGE = YES_ERROR;
				CLANG_WARN_DOCUMENTATION_COMMENTS = YES;
				CLANG_WARN_EMPTY_BODY = YES;
				CLANG_WARN_ENUM_CONVERSION = YES;
				CLANG_WARN_INFINITE_RECURSION = YES;
				CLANG_WARN_INT_CONVERSION = YES;
				CLANG_WARN_NON_LITERAL_NULL_CONVERSION = YES;
				CLANG_WARN_OBJC_IMPLICIT_RETAIN_SELF = YES;
				CLANG_WARN_OBJC_LITERAL_CONVERSION = YES;
				CLANG_WARN_OBJC_ROOT_CLASS = YES_ERROR;
				CLANG_WARN_RANGE_LOOP_ANALYSIS = YES;
				CLANG_WARN_STRICT_PROTOTYPES = YES;
				CLANG_WARN_SUSPICIOUS_MOVE = YES;
				CLANG_WARN_UNGUARDED_AVAILABILITY = YES_AGGRESSIVE;
				CLANG_WARN_UNREACHABLE_CODE = YES;
				CLANG_WARN__DUPLICATE_METHOD_MATCH = YES;
				CODE_SIGN_IDENTITY = "iPhone Developer";
				COPY_PHASE_STRIP = NO;
				DEBUG_INFORMATION_FORMAT = dwarf;
				ENABLE_STRICT_OBJC_MSGSEND = YES;
				ENABLE_TESTABILITY = YES;
				GCC_C_LANGUAGE_STANDARD = gnu11;
				GCC_DYNAMIC_NO_PIC = NO;
				GCC_NO_COMMON_BLOCKS = YES;
				GCC_OPTIMIZATION_LEVEL = 0;
				GCC_PREPROCESSOR_DEFINITIONS = (
					"DEBUG=1",
					"$(inherited)",
				);
				GCC_WARN_64_TO_32_BIT_CONVERSION = YES;
				GCC_WARN_ABOUT_RETURN_TYPE = YES_ERROR;
				GCC_WARN_UNDECLARED_SELECTOR = YES;
				GCC_WARN_UNINITIALIZED_AUTOS = YES_AGGRESSIVE;
				GCC_WARN_UNUSED_FUNCTION = YES;
				GCC_WARN_UNUSED_VARIABLE = YES;
				IPHONEOS_DEPLOYMENT_TARGET = 12.2;
				MTL_ENABLE_DEBUG_INFO = INCLUDE_SOURCE;
				MTL_FAST_MATH = YES;
				ONLY_ACTIVE_ARCH = YES;
				SDKROOT = iphoneos;
			};
			name = Debug;
		};
		E7DC5C28229CCC8700ED8733 /* Release */ = {
			isa = XCBuildConfiguration;
			buildSettings = {
				ALWAYS_SEARCH_USER_PATHS = NO;
				CLANG_ANALYZER_NONNULL = YES;
				CLANG_ANALYZER_NUMBER_OBJECT_CONVERSION = YES_AGGRESSIVE;
				CLANG_CXX_LANGUAGE_STANDARD = "gnu++14";
				CLANG_CXX_LIBRARY = "libc++";
				CLANG_ENABLE_MODULES = YES;
				CLANG_ENABLE_OBJC_ARC = YES;
				CLANG_ENABLE_OBJC_WEAK = YES;
				CLANG_WARN_BLOCK_CAPTURE_AUTORELEASING = YES;
				CLANG_WARN_BOOL_CONVERSION = YES;
				CLANG_WARN_COMMA = YES;
				CLANG_WARN_CONSTANT_CONVERSION = YES;
				CLANG_WARN_DEPRECATED_OBJC_IMPLEMENTATIONS = YES;
				CLANG_WARN_DIRECT_OBJC_ISA_USAGE = YES_ERROR;
				CLANG_WARN_DOCUMENTATION_COMMENTS = YES;
				CLANG_WARN_EMPTY_BODY = YES;
				CLANG_WARN_ENUM_CONVERSION = YES;
				CLANG_WARN_INFINITE_RECURSION = YES;
				CLANG_WARN_INT_CONVERSION = YES;
				CLANG_WARN_NON_LITERAL_NULL_CONVERSION = YES;
				CLANG_WARN_OBJC_IMPLICIT_RETAIN_SELF = YES;
				CLANG_WARN_OBJC_LITERAL_CONVERSION = YES;
				CLANG_WARN_OBJC_ROOT_CLASS = YES_ERROR;
				CLANG_WARN_RANGE_LOOP_ANALYSIS = YES;
				CLANG_WARN_STRICT_PROTOTYPES = YES;
				CLANG_WARN_SUSPICIOUS_MOVE = YES;
				CLANG_WARN_UNGUARDED_AVAILABILITY = YES_AGGRESSIVE;
				CLANG_WARN_UNREACHABLE_CODE = YES;
				CLANG_WARN__DUPLICATE_METHOD_MATCH = YES;
				CODE_SIGN_IDENTITY = "iPhone Developer";
				COPY_PHASE_STRIP = NO;
				DEBUG_INFORMATION_FORMAT = "dwarf-with-dsym";
				ENABLE_NS_ASSERTIONS = NO;
				ENABLE_STRICT_OBJC_MSGSEND = YES;
				GCC_C_LANGUAGE_STANDARD = gnu11;
				GCC_NO_COMMON_BLOCKS = YES;
				GCC_WARN_64_TO_32_BIT_CONVERSION = YES;
				GCC_WARN_ABOUT_RETURN_TYPE = YES_ERROR;
				GCC_WARN_UNDECLARED_SELECTOR = YES;
				GCC_WARN_UNINITIALIZED_AUTOS = YES_AGGRESSIVE;
				GCC_WARN_UNUSED_FUNCTION = YES;
				GCC_WARN_UNUSED_VARIABLE = YES;
				IPHONEOS_DEPLOYMENT_TARGET = 12.2;
				MTL_ENABLE_DEBUG_INFO = NO;
				MTL_FAST_MATH = YES;
				SDKROOT = iphoneos;
				VALIDATE_PRODUCT = YES;
			};
			name = Release;
		};
		E7DC5C2A229CCC8700ED8733 /* Debug */ = {
			isa = XCBuildConfiguration;
			baseConfigurationReference = 742A95A0B7D510DB7CB7D1EA /* Pods-ZZKit.debug.xcconfig */;
			buildSettings = {
				ASSETCATALOG_COMPILER_APPICON_NAME = AppIcon;
				CODE_SIGN_STYLE = Manual;
				DEVELOPMENT_TEAM = "";
				INFOPLIST_FILE = Main/Info.plist;
				IPHONEOS_DEPLOYMENT_TARGET = 9.0;
				LD_RUNPATH_SEARCH_PATHS = (
					"$(inherited)",
					"@executable_path/Frameworks",
				);
				PRODUCT_BUNDLE_IDENTIFIER = jeffnjut.ZZKit;
				PRODUCT_NAME = "$(TARGET_NAME)";
				PROVISIONING_PROFILE_SPECIFIER = "";
				TARGETED_DEVICE_FAMILY = 1;
			};
			name = Debug;
		};
		E7DC5C2B229CCC8700ED8733 /* Release */ = {
			isa = XCBuildConfiguration;
			baseConfigurationReference = DB4C59C6F857D28A542958CF /* Pods-ZZKit.release.xcconfig */;
			buildSettings = {
				ASSETCATALOG_COMPILER_APPICON_NAME = AppIcon;
				CODE_SIGN_STYLE = Manual;
				DEVELOPMENT_TEAM = "";
				INFOPLIST_FILE = Main/Info.plist;
				IPHONEOS_DEPLOYMENT_TARGET = 9.0;
				LD_RUNPATH_SEARCH_PATHS = (
					"$(inherited)",
					"@executable_path/Frameworks",
				);
				PRODUCT_BUNDLE_IDENTIFIER = jeffnjut.ZZKit;
				PRODUCT_NAME = "$(TARGET_NAME)";
				PROVISIONING_PROFILE_SPECIFIER = "";
				TARGETED_DEVICE_FAMILY = 1;
			};
			name = Release;
		};
/* End XCBuildConfiguration section */

/* Begin XCConfigurationList section */
		E7DC5C0E229CCC8600ED8733 /* Build configuration list for PBXProject "ZZKit" */ = {
			isa = XCConfigurationList;
			buildConfigurations = (
				E7DC5C27229CCC8700ED8733 /* Debug */,
				E7DC5C28229CCC8700ED8733 /* Release */,
			);
			defaultConfigurationIsVisible = 0;
			defaultConfigurationName = Release;
		};
		E7DC5C29229CCC8700ED8733 /* Build configuration list for PBXNativeTarget "ZZKit" */ = {
			isa = XCConfigurationList;
			buildConfigurations = (
				E7DC5C2A229CCC8700ED8733 /* Debug */,
				E7DC5C2B229CCC8700ED8733 /* Release */,
			);
			defaultConfigurationIsVisible = 0;
			defaultConfigurationName = Release;
		};
/* End XCConfigurationList section */
	};
	rootObject = E7DC5C0B229CCC8600ED8733 /* Project object */;
}
